{
  "version": 2,
  "dependencies": {
    "net8.0": {
      "Mediator.Abstractions": {
        "type": "Direct",
        "requested": "[3.0.1, )",
        "resolved": "3.0.1",
        "contentHash": "WLWp7S7pt818wsK2IiFwGwvUhwq0E/7F0LkglDQKx+4rSzRWVKD3CHtaCi1fpeURH+v44ZPxaRVBCNV7uWOBYQ==",
        "dependencies": {
          "Microsoft.Extensions.DependencyInjection.Abstractions": "8.0.0"
        }
      },
      "Microsoft.Extensions.Logging.Abstractions": {
        "type": "Direct",
        "requested": "[10.0.0, )",
        "resolved": "10.0.0",
        "contentHash": "FU/IfjDfwaMuKr414SSQNTIti/69bHEMb+QKrskRb26oVqpx3lNFXMjs/RC9ZUuhBhcwDM2BwOgoMw+PZ+beqQ==",
        "dependencies": {
          "Microsoft.Extensions.DependencyInjection.Abstractions": "10.0.0",
          "System.Diagnostics.DiagnosticSource": "10.0.0"
        }
      },
      "SonarAnalyzer.CSharp": {
        "type": "Direct",
        "requested": "[10.15.0.120848, )",
        "resolved": "10.15.0.120848",
        "contentHash": "1hM3HVRl5jdC/ZBDu+G7CCYLXRGe/QaP01Zy+c9ETPhY7lWD8g8HiefY6sGaH0T3CJ4wAy0/waGgQTh0TYy0oQ=="
      },
      "StyleCop.Analyzers": {
        "type": "Direct",
        "requested": "[1.1.118, )",
        "resolved": "1.1.118",
        "contentHash": "Onx6ovGSqXSK07n/0eM3ZusiNdB6cIlJdabQhWGgJp3Vooy9AaLS/tigeybOJAobqbtggTamoWndz72JscZBvw=="
      },
      "System.Diagnostics.DiagnosticSource": {
        "type": "Transitive",
        "resolved": "10.0.0",
        "contentHash": "0KdBK+h7G13PuOSC2R/DalAoFMvdYMznvGRuICtkdcUMXgl/gYXsG6z4yUvTxHSMACorWgHCU1Faq0KUHU6yAQ=="
      },
      "wally.cleanarchitecture.microservice.application.messages": {
        "type": "Project",
        "dependencies": {
          "FluentValidation": "[12.1.0, )",
          "SonarAnalyzer.CSharp": "[10.15.0.120848, )",
          "StyleCop.Analyzers": "[1.1.118, )",
          "Wally.CleanArchitecture.MicroService.Domain": "[1.0.0, )"
        }
      },
      "wally.cleanarchitecture.microservice.domain": {
        "type": "Project",
        "dependencies": {
          "SonarAnalyzer.CSharp": "[10.15.0.120848, )",
          "StyleCop.Analyzers": "[1.1.118, )",
          "Ulid": "[1.4.1, )"
        }
      },
      "FluentValidation": {
        "type": "CentralTransitive",
        "requested": "[12.1.0, )",
        "resolved": "12.1.0",
        "contentHash": "FqWEn8BdbbFEHGanj9K8SVo+LyBeFWy2rolaE+e1TNUbifr8M7Iss+I1AqTSc8kjKtvjl/WN4XIHiRpslh42bA=="
      },
      "Microsoft.Extensions.DependencyInjection.Abstractions": {
        "type": "CentralTransitive",
        "requested": "[10.0.0, )",
        "resolved": "10.0.0",
        "contentHash": "L3AdmZ1WOK4XXT5YFPEwyt0ep6l8lGIPs7F5OOBZc77Zqeo01Of7XXICy47628sdVl0v/owxYJTe86DTgFwKCA=="
      },
      "Ulid": {
        "type": "CentralTransitive",
        "requested": "[1.4.1, )",
        "resolved": "1.4.1",
        "contentHash": "V6crLJ8a29raWeNwxYGfH9RTKA3H0nR0D9LAGzN3KtEsbiiaWkUjDor6OT5Oz7pxCK+NaY2hu2FLoYEOa8oCkA=="
      }
    }
  }
}