{
  "version": 1,
  "dependencies": {
    "net7.0": {
      "FluentValidation": {
        "type": "Direct",
        "requested": "[11.5.1, )",
        "resolved": "11.5.1",
        "contentHash": "0h1Q5lNOLLyYTWMJmyNoMqhY4CBRvvUWvJP1R4F2CnmmzuWwvB0A8aVmw5+lOuwYnwUwCRrdeMLbc81F38ahNQ=="
      },
      "StyleCop.Analyzers": {
        "type": "Direct",
        "requested": "[1.1.118, )",
        "resolved": "1.1.118",
        "contentHash": "Onx6ovGSqXSK07n/0eM3ZusiNdB6cIlJdabQhWGgJp3Vooy9AaLS/tigeybOJAobqbtggTamoWndz72JscZBvw=="
      }
    }
  }
}