{
  "version": 1,
  "dependencies": {
    "net7.0": {
      "FluentValidation": {
        "type": "Direct",
        "requested": "[11.5.0, )",
        "resolved": "11.5.0",
        "contentHash": "DExajJh+cguLk1XodH+LVVFuSsCqoEmXOQsxqP5rvVeUD1hIda59cyuL73LHJAYIrFatR8ZZ1H7kfejHN9XFWw=="
      },
      "StyleCop.Analyzers": {
        "type": "Direct",
        "requested": "[1.1.118, )",
        "resolved": "1.1.118",
        "contentHash": "Onx6ovGSqXSK07n/0eM3ZusiNdB6cIlJdabQhWGgJp3Vooy9AaLS/tigeybOJAobqbtggTamoWndz72JscZBvw=="
      }
    }
  }
}