{
  "version": 1,
  "dependencies": {
    "net7.0": {
      "FluentValidation": {
        "type": "Direct",
        "requested": "[11.4.0, )",
        "resolved": "11.4.0",
        "contentHash": "WZJyrNf4suiaI6avVG32W9kmBLC3+V5rDTcLeRJjeU4tDmTyDIOz1459DzCKppXs34YpZg9rCUzDY3M4XxG7Ug=="
      },
      "StyleCop.Analyzers": {
        "type": "Direct",
        "requested": "[1.1.118, )",
        "resolved": "1.1.118",
        "contentHash": "Onx6ovGSqXSK07n/0eM3ZusiNdB6cIlJdabQhWGgJp3Vooy9AaLS/tigeybOJAobqbtggTamoWndz72JscZBvw=="
      }
    }
  }
}