{
  "version": 1,
  "dependencies": {
    "net7.0": {
      "AutoMapper": {
        "type": "Direct",
        "requested": "[12.0.1, )",
        "resolved": "12.0.1",
        "contentHash": "hvV62vl6Hp/WfQ24yzo3Co9+OPl8wH8hApwVtgWpiAynVJkUcs7xvehnSftawL8Pe8FrPffBRM3hwzLQqWDNjA==",
        "dependencies": {
          "Microsoft.CSharp": "4.7.0"
        }
      },
      "StyleCop.Analyzers": {
        "type": "Direct",
        "requested": "[1.1.118, )",
        "resolved": "1.1.118",
        "contentHash": "Onx6ovGSqXSK07n/0eM3ZusiNdB6cIlJdabQhWGgJp3Vooy9AaLS/tigeybOJAobqbtggTamoWndz72JscZBvw=="
      },
      "FluentValidation": {
        "type": "Transitive",
        "resolved": "11.5.2",
        "contentHash": "kj/hW/iusp2zq1Vt1YPLgDj6UG0DhoJXGkLwjLwm3j7vUtRF8DVA5vHJfItG3BxDjLWJUR2pvw8fK7rnuysZNA=="
      },
      "MediatR": {
        "type": "Transitive",
        "resolved": "12.0.1",
        "contentHash": "vfxplMielft+g5jxGO31xjjQpI6yqe4r2YGt0Q8x23phwbpJNmUQGY+cCNNFMKKViXRM67ajUlAiwirMeuJWTQ==",
        "dependencies": {
          "MediatR.Contracts": "[2.0.1, 3.0.0)",
          "Microsoft.Extensions.DependencyInjection.Abstractions": "6.0.0"
        }
      },
      "MediatR.Contracts": {
        "type": "Transitive",
        "resolved": "2.0.1",
        "contentHash": "FYv95bNT4UwcNA+G/J1oX5OpRiSUxteXaUt2BJbRSdRNiIUNbggJF69wy6mnk2wYToaanpdXZdCwVylt96MpwQ=="
      },
      "Microsoft.AspNetCore.OData": {
        "type": "Transitive",
        "resolved": "8.1.2",
        "contentHash": "oqslisegYIz72Ew7gem7mDnbIuipPiO+GsqEJh9SoIEuOwTB/zq9Xw5ByKXAPGuv4PoPb9bOEo/ZXYHwoT55fg==",
        "dependencies": {
          "Microsoft.OData.Core": "[7.15.0, 8.0.0)",
          "Microsoft.OData.Edm": "[7.15.0, 8.0.0)",
          "Microsoft.OData.ModelBuilder": "[1.0.9, 2.0.0)",
          "Microsoft.Spatial": "[7.15.0, 8.0.0)"
        }
      },
      "Microsoft.Bcl.AsyncInterfaces": {
        "type": "Transitive",
        "resolved": "5.0.0",
        "contentHash": "W8DPQjkMScOMTtJbPwmPyj9c3zYSFGawDW3jwlBOOsnY+EzZFLgNQ/UMkK35JmkNOVPdCyPr2Tw7Vv9N+KA3ZQ=="
      },
      "Microsoft.CSharp": {
        "type": "Transitive",
        "resolved": "4.7.0",
        "contentHash": "pTj+D3uJWyN3My70i2Hqo+OXixq3Os2D1nJ2x92FFo6sk8fYS1m1WLNTs0Dc1uPaViH0YvEEwvzddQ7y4rhXmA=="
      },
      "Microsoft.Extensions.DependencyInjection.Abstractions": {
        "type": "Transitive",
        "resolved": "6.0.0",
        "contentHash": "xlzi2IYREJH3/m6+lUrQlujzX8wDitm4QGnUu6kUXTQAWPuZY8i+ticFJbzfqaetLA6KR/rO6Ew/HuYD+bxifg=="
      },
      "Microsoft.OData.Core": {
        "type": "Transitive",
        "resolved": "7.15.0",
        "contentHash": "FA7FCgB/yckJRaQQR/lXyzn62rK4Lpvco9n69xojtVDGx8tq06qdvfpjlOphe25lqodirhA9lb3FLq0ML77SxQ==",
        "dependencies": {
          "Microsoft.Bcl.AsyncInterfaces": "5.0.0",
          "Microsoft.OData.Edm": "[7.15.0]",
          "Microsoft.Spatial": "[7.15.0]"
        }
      },
      "Microsoft.OData.Edm": {
        "type": "Transitive",
        "resolved": "7.15.0",
        "contentHash": "86eVGNE3TrA+589cl93Jt6z+MiE5qa/tJLlxeFVhDdNi1q9oMn26nzLh5QUuokQktgwbb+Vt3Red8U3tLk5RYA==",
        "dependencies": {
          "System.Runtime.CompilerServices.Unsafe": "4.6.0",
          "System.Text.Encodings.Web": "4.7.2",
          "System.Text.Json": "4.6.0"
        }
      },
      "Microsoft.OData.ModelBuilder": {
        "type": "Transitive",
        "resolved": "1.0.9",
        "contentHash": "Qt2AVqW4cFiICWiGdY08c7q2pHdFJTc0jth7oO9T6xb+0SZSHFloScqTMdMNv8M9Wfc16wyWqxYQyVyWiODWDg==",
        "dependencies": {
          "Microsoft.OData.Edm": "[7.9.0, 8.0.0)",
          "Microsoft.Spatial": "[7.9.0, 8.0.0)",
          "System.ComponentModel.Annotations": "4.6.0"
        }
      },
      "Microsoft.Spatial": {
        "type": "Transitive",
        "resolved": "7.15.0",
        "contentHash": "aYgR3IpX311NfoYiN94gHryRa3D33MI6Or7OICIxgLD1M/gHZXjHQyeDqm9J/lRSEof5AyCmX0vRBBrs42xjLA=="
      },
      "Newtonsoft.Json": {
        "type": "Transitive",
        "resolved": "13.0.3",
        "contentHash": "HrC5BXdl00IP9zeV+0Z848QWPAoCr9P3bDEZguI+gkLcBKAOxix/tLEAAHC+UvDNPv4a2d18lOReHMOagPa+zQ=="
      },
      "Reinforced.Typings": {
        "type": "Transitive",
        "resolved": "1.6.2",
        "contentHash": "c/qEoIghbFrr4+AaZ7FLkS9bF0k8uQGrmrJl1meiZHbp0tGyK+kfYBWyi/TA7L0tB2r/uPzcYFpIcQCrKmL3mQ=="
      },
      "System.ComponentModel.Annotations": {
        "type": "Transitive",
        "resolved": "4.6.0",
        "contentHash": "pOd+UhZ3X8xfwKDlgAzowUJNjp8VYVmOHZm++vCd0kq1HZ0zK3mNo2yRXjYgv7Ik/Xi43fmJfND2PLEsQSALCg=="
      },
      "System.Runtime.CompilerServices.Unsafe": {
        "type": "Transitive",
        "resolved": "4.6.0",
        "contentHash": "HxozeSlipUK7dAroTYwIcGwKDeOVpQnJlpVaOkBz7CM4TsE5b/tKlQBZecTjh6FzcSbxndYaxxpsBMz+wMJeyw=="
      },
      "System.Text.Encodings.Web": {
        "type": "Transitive",
        "resolved": "4.7.2",
        "contentHash": "iTUgB/WtrZ1sWZs84F2hwyQhiRH6QNjQv2DkwrH+WP6RoFga2Q1m3f9/Q7FG8cck8AdHitQkmkXSY8qylcDmuA=="
      },
      "System.Text.Json": {
        "type": "Transitive",
        "resolved": "4.6.0",
        "contentHash": "4F8Xe+JIkVoDJ8hDAZ7HqLkjctN/6WItJIzQaifBwClC7wmoLSda/Sv2i6i1kycqDb3hWF4JCVbpAweyOKHEUA=="
      },
      "Wally.Lib.DDD.Abstractions": {
        "type": "Transitive",
        "resolved": "1.3.5",
        "contentHash": "eYNklQkr/ntfp7K5mj9hSPFbJSYwkSwHyzghzveFa+AIyQ8vzzMYUVUb9USgwiP6mZpFRRsjO16rVBwzZ2KzRg==",
        "dependencies": {
          "MediatR": "12.0.1",
          "Microsoft.AspNetCore.OData": "8.1.2",
          "Newtonsoft.Json": "13.0.3"
        }
      },
      "wally.cleanarchitecture.microservice.application.contracts": {
        "type": "Project",
        "dependencies": {
          "FluentValidation": "[11.5.2, )",
          "Reinforced.Typings": "[1.6.2, )",
          "Wally.Lib.DDD.Abstractions": "[1.3.5, )"
        }
      },
      "wally.cleanarchitecture.microservice.domain": {
        "type": "Project",
        "dependencies": {
          "Wally.Lib.DDD.Abstractions": "[1.3.5, )"
        }
      }
    }
  }
}