{
  "version": 2,
  "dependencies": {
    "net10.0": {
      "FluentValidation": {
        "type": "Direct",
        "requested": "[12.1.1, )",
        "resolved": "12.1.1",
        "contentHash": "EPpkIe1yh1a0OXyC100oOA8WMbZvqUu5plwhvYcb7oSELfyUZzfxV48BLhvs3kKo4NwG7MGLNgy1RJiYtT8Dpw=="
      },
      "Microsoft.EntityFrameworkCore": {
        "type": "Direct",
        "requested": "[10.0.10, )",
        "resolved": "10.0.10",
        "contentHash": "a0V7zj/VbYP6dTdWpUgE/r2PuLKtUGe2aJ0lVKkn/wP9ZhaxUz2kQydVfvOjCv2SKxlrqdBfHhPD4Cvlf+4ffA==",
        "dependencies": {
          "Microsoft.EntityFrameworkCore.Abstractions": "10.0.10",
          "Microsoft.EntityFrameworkCore.Analyzers": "10.0.10",
          "Microsoft.Extensions.Caching.Memory": "10.0.10",
          "Microsoft.Extensions.Logging": "10.0.10"
        }
      },
      "Microsoft.Extensions.Logging.Abstractions": {
        "type": "Direct",
        "requested": "[10.0.10, )",
        "resolved": "10.0.10",
        "contentHash": "zkFxGYUvdxAvIKTyXHrmW+Sux53D4SezD9dMyZ6hrwwzPQJNuwCRy1f5W7AvYTqacEGhWF2XderRQG1OvbV8og==",
        "dependencies": {
          "Microsoft.Extensions.DependencyInjection.Abstractions": "10.0.10"
        }
      },
      "Serilog": {
        "type": "Direct",
        "requested": "[4.4.0, )",
        "resolved": "4.4.0",
        "contentHash": "ZC6Le3rr4TVJJjS4KsQAesxeF1EhW9qcZmmG7eP5Y2G3+gTGkJEUXkq4+tZNPtyp05I0wWOxnIjwtxFweJsObw=="
      },
      "SonarAnalyzer.CSharp": {
        "type": "Direct",
        "requested": "[10.29.0.143774, )",
        "resolved": "10.29.0.143774",
        "contentHash": "YOBCHTjqb4ak7yjLQhQJ6S0+aTkgnuMcekjCrhWruyIIoWlB1C8W+Fgr18bWit+xx7Gd9sNl5sziOwh6D804Hg=="
      },
      "StyleCop.Analyzers": {
        "type": "Direct",
        "requested": "[1.1.118, )",
        "resolved": "1.1.118",
        "contentHash": "Onx6ovGSqXSK07n/0eM3ZusiNdB6cIlJdabQhWGgJp3Vooy9AaLS/tigeybOJAobqbtggTamoWndz72JscZBvw=="
      },
      "FlexLabs.EntityFrameworkCore.Upsert": {
        "type": "Transitive",
        "resolved": "10.0.0",
        "contentHash": "qFVp1j1yZFApE4uXplTodeSybz/pfjGM/zBfwgtnkZqw7ZV1YFmF0AEebQmmNsndANQmv+aNi7aXdOhOVFfs7Q==",
        "dependencies": {
          "Microsoft.EntityFrameworkCore.Relational": "[10.0.0, 11.0.0)"
        }
      },
      "Microsoft.EntityFrameworkCore.Abstractions": {
        "type": "Transitive",
        "resolved": "10.0.10",
        "contentHash": "bOzrFCl6uZCjaSh2bG1ToRQRdx+iXvxosCg9hFyG9OWeAzOFI4xev9OqKeWfKf/kAHyox2JnbcvLVf2ceA7sqA=="
      },
      "Microsoft.EntityFrameworkCore.Analyzers": {
        "type": "Transitive",
        "resolved": "10.0.10",
        "contentHash": "2gLDordUCGf3aNOOuqtTbP5mxhiP9nk6TnvGiE3RnqT891O+Zf/qKu1PIREubs1M16A0SImr4vULBfU5BTDs1Q=="
      },
      "Microsoft.Extensions.Caching.Abstractions": {
        "type": "Transitive",
        "resolved": "10.0.10",
        "contentHash": "4ZFBNE+jzR+CrWWlhOesnmywCW7pYKT0dxyAQRdL11yJwxe4jvcAu31eorFtEkoFeCDcUTeNssgPv2yaRRptaQ==",
        "dependencies": {
          "Microsoft.Extensions.Primitives": "10.0.10"
        }
      },
      "Microsoft.Extensions.Caching.Memory": {
        "type": "Transitive",
        "resolved": "10.0.10",
        "contentHash": "N1w5H7uK6gCTnCBZAWzE0/EQYSPysij/uYwDqntqBVvBa6bjMmBKitsnEFd6yh/SX3wLm67nO6+OnZ84K+gZWg==",
        "dependencies": {
          "Microsoft.Extensions.Caching.Abstractions": "10.0.10",
          "Microsoft.Extensions.DependencyInjection.Abstractions": "10.0.10",
          "Microsoft.Extensions.Logging.Abstractions": "10.0.10",
          "Microsoft.Extensions.Options": "10.0.10",
          "Microsoft.Extensions.Primitives": "10.0.10"
        }
      },
      "Microsoft.Extensions.DependencyInjection": {
        "type": "Transitive",
        "resolved": "10.0.10",
        "contentHash": "ANyvsgkNBRvcJh2XLgn8veGmajf+8m0AbKK+HPWdRL1yraSNVVSmQhFntLtdz/C795jxqqup+k05cs/3jZQPOA==",
        "dependencies": {
          "Microsoft.Extensions.DependencyInjection.Abstractions": "10.0.10"
        }
      },
      "Microsoft.Extensions.Diagnostics.Abstractions": {
        "type": "Transitive",
        "resolved": "10.0.0",
        "contentHash": "SfK89ytD61S7DgzorFljSkUeluC1ncn6dtZgwc0ot39f/BEYWBl5jpgvodxduoYAs1d9HG8faCDRZxE95UMo2A==",
        "dependencies": {
          "Microsoft.Extensions.DependencyInjection.Abstractions": "10.0.0",
          "Microsoft.Extensions.Options": "10.0.0"
        }
      },
      "Microsoft.Extensions.Diagnostics.HealthChecks": {
        "type": "Transitive",
        "resolved": "10.0.0",
        "contentHash": "4x6y2Uy+g9Ou93eBCVkG/3JCwnc2AMKhrE1iuEhXT/MzNN7co/Zt6yL+q1Srt0CnOe3iLX+sVqpJI4ZGlOPfug==",
        "dependencies": {
          "Microsoft.Extensions.Diagnostics.HealthChecks.Abstractions": "10.0.0",
          "Microsoft.Extensions.Hosting.Abstractions": "10.0.0",
          "Microsoft.Extensions.Logging.Abstractions": "10.0.0",
          "Microsoft.Extensions.Options": "10.0.0"
        }
      },
      "Microsoft.Extensions.Diagnostics.HealthChecks.Abstractions": {
        "type": "Transitive",
        "resolved": "10.0.0",
        "contentHash": "jAhZbzDa117otUBMuQQ6JzSfuDbBBrfOs5jw5l7l9hKpzt+LjYKVjSauXG2yV9u7BqUSLUtKLwcerDQDeQ+0Xw=="
      },
      "Microsoft.Extensions.FileProviders.Abstractions": {
        "type": "Transitive",
        "resolved": "10.0.0",
        "contentHash": "/ppSdehKk3fuXjlqCDgSOtjRK/pSHU8eWgzSHfHdwVm5BP4Dgejehkw+PtxKG2j98qTDEHDst2Y99aNsmJldmw==",
        "dependencies": {
          "Microsoft.Extensions.Primitives": "10.0.0"
        }
      },
      "Microsoft.Extensions.Logging": {
        "type": "Transitive",
        "resolved": "10.0.10",
        "contentHash": "Tf6z5HsL0VDYRTfvsoNrTGHGheCwkTsZBA2FFh5ATJUbkAwug+FFNISJK2gjpUNemlAOoWllAK52HOWCjto3EQ==",
        "dependencies": {
          "Microsoft.Extensions.DependencyInjection": "10.0.10",
          "Microsoft.Extensions.Logging.Abstractions": "10.0.10",
          "Microsoft.Extensions.Options": "10.0.10"
        }
      },
      "Microsoft.Extensions.Options": {
        "type": "Transitive",
        "resolved": "10.0.10",
        "contentHash": "srnhnk7nE8krBiIXp71LvBmKBtraBONWSRzdjJgRv1Ko9Mp8IVNqv4vIS9hGeVteBig8aQkva9ZG+sC+o5sVcA==",
        "dependencies": {
          "Microsoft.Extensions.DependencyInjection.Abstractions": "10.0.10",
          "Microsoft.Extensions.Primitives": "10.0.10"
        }
      },
      "Microsoft.Extensions.Primitives": {
        "type": "Transitive",
        "resolved": "10.0.10",
        "contentHash": "5wu/GrYVd8mG2DVUw3vFJzF+O336TyTGg/Kmcgw9bfwYhCoFiV5lR5QeEmKecJyrW4W54nMfD3p3589E8a7czQ=="
      },
      "ncrontab": {
        "type": "Transitive",
        "resolved": "3.3.0",
        "contentHash": "oNHphZD7YiqHJoqX5Myw+lfDDTnnI2i+mCuil8MW2gyHaEejhLOdsS9pqVUGAEIJsu4+OL+m3UmkBcw2gkdtsg=="
      },
      "TickerQ.Utilities": {
        "type": "Transitive",
        "resolved": "10.4.0",
        "contentHash": "JBzaR2xNUEAaA+sRBifuNCGakKMmChwCbZULSQm+rBkAw/j/Z/E1POtYEloK8QulzKRlxx0TaQLa9LJSbQi3tw==",
        "dependencies": {
          "Microsoft.Extensions.Caching.Abstractions": "[10.0.0, 11.0.0)",
          "Microsoft.Extensions.Configuration.Abstractions": "[10.0.0, 11.0.0)",
          "Microsoft.Extensions.DependencyInjection.Abstractions": "[10.0.0, 11.0.0)",
          "Microsoft.Extensions.Hosting.Abstractions": "[10.0.0, 11.0.0)",
          "Microsoft.Extensions.Logging.Abstractions": "[10.0.0, 11.0.0)",
          "NCrontab": "3.3.0"
        }
      },
      "wally.cleanarchitecture.microservice.application": {
        "type": "Project",
        "dependencies": {
          "Microsoft.Extensions.Logging.Abstractions": "[10.0.10, )",
          "StyleCop.Analyzers": "[1.1.118, )",
          "Wally.CleanArchitecture.MicroService.Application.Abstractions": "[1.0.0, )",
          "Wally.CleanArchitecture.MicroService.Application.Messages": "[1.0.0, )",
          "Wally.CleanArchitecture.MicroService.Domain": "[1.0.0, )"
        }
      },
      "wally.cleanarchitecture.microservice.application.abstractions": {
        "type": "Project",
        "dependencies": {
          "Mediator.Abstractions": "[3.0.2, )",
          "StyleCop.Analyzers": "[1.1.118, )",
          "Wally.CleanArchitecture.MicroService.Domain": "[1.0.0, )",
          "Wally.CleanArchitecture.MicroService.Domain.Abstractions": "[1.0.0, )"
        }
      },
      "wally.cleanarchitecture.microservice.application.messages": {
        "type": "Project",
        "dependencies": {
          "FluentValidation": "[12.1.1, )",
          "StyleCop.Analyzers": "[1.1.118, )",
          "Wally.CleanArchitecture.MicroService.Domain": "[1.0.0, )"
        }
      },
      "wally.cleanarchitecture.microservice.domain": {
        "type": "Project",
        "dependencies": {
          "StyleCop.Analyzers": "[1.1.118, )",
          "Wally.CleanArchitecture.MicroService.Domain.Abstractions": "[1.0.0, )"
        }
      },
      "wally.cleanarchitecture.microservice.domain.abstractions": {
        "type": "Project",
        "dependencies": {
          "StyleCop.Analyzers": "[1.1.118, )"
        }
      },
      "wally.cleanarchitecture.microservice.infrastructure.persistence": {
        "type": "Project",
        "dependencies": {
          "MassTransit.EntityFrameworkCore": "[8.5.10, )",
          "Microsoft.EntityFrameworkCore": "[10.0.10, )",
          "Microsoft.EntityFrameworkCore.Relational": "[10.0.10, )",
          "StyleCop.Analyzers": "[1.1.118, )",
          "TickerQ.EntityFrameworkCore": "[10.4.0, )",
          "Wally.CleanArchitecture.MicroService.Application": "[1.0.0, )",
          "Wally.CleanArchitecture.MicroService.Domain": "[1.0.0, )",
          "Wally.CleanArchitecture.MicroService.Infrastructure.Persistence.Abstractions": "[1.0.0, )"
        }
      },
      "wally.cleanarchitecture.microservice.infrastructure.persistence.abstractions": {
        "type": "Project",
        "dependencies": {
          "Microsoft.EntityFrameworkCore": "[10.0.10, )",
          "StyleCop.Analyzers": "[1.1.118, )",
          "Wally.CleanArchitecture.MicroService.Application.Abstractions": "[1.0.0, )"
        }
      },
      "MassTransit": {
        "type": "CentralTransitive",
        "requested": "[8.5.10, )",
        "resolved": "8.5.10",
        "contentHash": "TGi34UA8RftBIpYCHEdoIP5uSu2/pLWZRen4RUcg4CV1nr8MmCZMuFYjzvXXUyFcj0ZuRQxZZNhG7fB5/raSOg==",
        "dependencies": {
          "MassTransit.Abstractions": "8.5.10",
          "Microsoft.Extensions.DependencyInjection.Abstractions": "10.0.0",
          "Microsoft.Extensions.Diagnostics.HealthChecks": "10.0.0",
          "Microsoft.Extensions.Hosting.Abstractions": "10.0.0",
          "Microsoft.Extensions.Logging.Abstractions": "10.0.0",
          "Microsoft.Extensions.Options": "10.0.0"
        }
      },
      "MassTransit.Abstractions": {
        "type": "CentralTransitive",
        "requested": "[8.5.10, )",
        "resolved": "8.5.10",
        "contentHash": "nZnm2YNH+NcVwY6yC114sJy8J9LtKdFjfKUm/A5HfmzOlZ8ksjgHaPBg5XCG1VAqKDRDFnaudIcesVultKJD7g=="
      },
      "MassTransit.EntityFrameworkCore": {
        "type": "CentralTransitive",
        "requested": "[8.5.10, )",
        "resolved": "8.5.10",
        "contentHash": "eCfWj3l4WMlDOc64I48yq3jePQMaQ+07hGIpWngvYW8/ey7qbayO4osHeO0m/FKBPUIfNJqTMRqAqWMn/xV+ww==",
        "dependencies": {
          "MassTransit": "8.5.10",
          "Microsoft.EntityFrameworkCore.Relational": "10.0.0",
          "Microsoft.Extensions.Caching.Memory": "10.0.0"
        }
      },
      "Mediator.Abstractions": {
        "type": "CentralTransitive",
        "requested": "[3.0.2, )",
        "resolved": "3.0.2",
        "contentHash": "TytjnyN8gLObZBxkM7HHPFJF3LHtk6Y8mHW56ONuXRuVEK6Fmed3f0z79H9TpmoZQP2zQAIS4/0O9R2w0v02qw==",
        "dependencies": {
          "Microsoft.Extensions.DependencyInjection.Abstractions": "8.0.0"
        }
      },
      "Microsoft.EntityFrameworkCore.Relational": {
        "type": "CentralTransitive",
        "requested": "[10.0.10, )",
        "resolved": "10.0.10",
        "contentHash": "wNonj40aZxia+GtuBiiD6ZqVh4h6y5Nje1bGdmzZ8/ui0QRsAN+S0SIrLHFCEGbG9cDbeaE40sh+Lr7o9rRs6g==",
        "dependencies": {
          "Microsoft.EntityFrameworkCore": "10.0.10",
          "Microsoft.Extensions.Caching.Memory": "10.0.10",
          "Microsoft.Extensions.Configuration.Abstractions": "10.0.10",
          "Microsoft.Extensions.Logging": "10.0.10"
        }
      },
      "Microsoft.Extensions.Configuration.Abstractions": {
        "type": "CentralTransitive",
        "requested": "[10.0.10, )",
        "resolved": "10.0.10",
        "contentHash": "5Vnd2I75DmZCVEjSynIdJ/0EGafgnLQwgR3t2C2/fkjx/nRG+cLwxLLdInoHeCEpkD5K4Ov/g9ZCRYrl4TRsaA==",
        "dependencies": {
          "Microsoft.Extensions.Primitives": "10.0.10"
        }
      },
      "Microsoft.Extensions.DependencyInjection.Abstractions": {
        "type": "CentralTransitive",
        "requested": "[10.0.10, )",
        "resolved": "10.0.10",
        "contentHash": "z/2xXlFw2aLGjHyEm6E0tQ+In6VfzQzTrtArbQ2c0TQE16ZbyDCMGPvaUT9I0s8rgy9sRWlU2P9waW37qV04qA=="
      },
      "Microsoft.Extensions.Hosting.Abstractions": {
        "type": "CentralTransitive",
        "requested": "[10.0.10, )",
        "resolved": "10.0.0",
        "contentHash": "KrN6TGFwCwqOkLLk/idW/XtDQh+8In+CL9T4M1Dx+5ScsjTq4TlVbal8q532m82UYrMr6RiQJF2HvYCN0QwVsA==",
        "dependencies": {
          "Microsoft.Extensions.Configuration.Abstractions": "10.0.0",
          "Microsoft.Extensions.DependencyInjection.Abstractions": "10.0.0",
          "Microsoft.Extensions.Diagnostics.Abstractions": "10.0.0",
          "Microsoft.Extensions.FileProviders.Abstractions": "10.0.0",
          "Microsoft.Extensions.Logging.Abstractions": "10.0.0"
        }
      },
      "TickerQ.EntityFrameworkCore": {
        "type": "CentralTransitive",
        "requested": "[10.4.0, )",
        "resolved": "10.4.0",
        "contentHash": "uYyiI/DSNRwt/R9/+diLDA2bVXtIn4V0/RYBPbYcmdTJbuF6PDc5pdcj/DKnhR7L670HeJu2m55PSAR6qj9K6g==",
        "dependencies": {
          "FlexLabs.EntityFrameworkCore.Upsert": "[10.0.0, 11.0.0)",
          "Microsoft.EntityFrameworkCore.Relational": "[10.0.0, 11.0.0)",
          "TickerQ.Utilities": "10.4.0"
        }
      }
    }
  }
}