{
  "version": 2,
  "dependencies": {
    "net8.0": {
      "FluentValidation": {
        "type": "Direct",
        "requested": "[12.0.0, )",
        "resolved": "12.0.0",
        "contentHash": "8NVLxtMUXynRHJIX3Hn1ACovaqZIJASufXIIFkD0EUbcd5PmMsL1xUD5h548gCezJ5BzlITaR9CAMrGe29aWpA=="
      },
      "Microsoft.EntityFrameworkCore": {
        "type": "Direct",
        "requested": "[9.0.10, )",
        "resolved": "9.0.10",
        "contentHash": "WjjxVyOTVs85V7SUe+lZjtGOEeVzF4RO8amrqL4adgbyThNq7vGCFzPw8buZj44gHeQYD5V/uZ/6XuqG9Jq+kA==",
        "dependencies": {
          "Microsoft.EntityFrameworkCore.Abstractions": "9.0.10",
          "Microsoft.EntityFrameworkCore.Analyzers": "9.0.10",
          "Microsoft.Extensions.Caching.Memory": "9.0.10",
          "Microsoft.Extensions.Logging": "9.0.10"
        }
      },
      "Microsoft.Extensions.Logging.Abstractions": {
        "type": "Direct",
        "requested": "[9.0.10, )",
        "resolved": "9.0.10",
        "contentHash": "MFUPv/nN1rAQ19w43smm6bbf0JDYN/1HEPHoiMYY50pvDMFpglzWAuoTavByDmZq7UuhjaxwrET3joU69ZHoHQ==",
        "dependencies": {
          "Microsoft.Extensions.DependencyInjection.Abstractions": "9.0.10",
          "System.Diagnostics.DiagnosticSource": "9.0.10"
        }
      },
      "Serilog": {
        "type": "Direct",
        "requested": "[4.3.0, )",
        "resolved": "4.3.0",
        "contentHash": "+cDryFR0GRhsGOnZSKwaDzRRl4MupvJ42FhCE4zhQRVanX0Jpg6WuCBk59OVhVDPmab1bB+nRykAnykYELA9qQ=="
      },
      "SonarAnalyzer.CSharp": {
        "type": "Direct",
        "requested": "[10.15.0.120848, )",
        "resolved": "10.15.0.120848",
        "contentHash": "1hM3HVRl5jdC/ZBDu+G7CCYLXRGe/QaP01Zy+c9ETPhY7lWD8g8HiefY6sGaH0T3CJ4wAy0/waGgQTh0TYy0oQ=="
      },
      "StyleCop.Analyzers": {
        "type": "Direct",
        "requested": "[1.1.118, )",
        "resolved": "1.1.118",
        "contentHash": "Onx6ovGSqXSK07n/0eM3ZusiNdB6cIlJdabQhWGgJp3Vooy9AaLS/tigeybOJAobqbtggTamoWndz72JscZBvw=="
      },
      "Microsoft.EntityFrameworkCore.Abstractions": {
        "type": "Transitive",
        "resolved": "9.0.10",
        "contentHash": "I3TWAs5Lbzmzu8S0T6qXhzBiO3CznYLrfE59W0npkqNHfWGH8CgA66LrHMWxWOXVTD4145QwYqiWNCdLwpJ1Ew=="
      },
      "Microsoft.EntityFrameworkCore.Analyzers": {
        "type": "Transitive",
        "resolved": "9.0.10",
        "contentHash": "mXNl0Gg3l3zGrClLCHepB+b7rYVuFfB9qQJwya0dUSHFuR1T0jMD8KxuNVyhQSfoWIepanhzjcG8TUNGXOcU0Q=="
      },
      "Microsoft.Extensions.Caching.Abstractions": {
        "type": "Transitive",
        "resolved": "9.0.10",
        "contentHash": "cL6iTxgJ4u5zP3eFOdBiDAtmE/B2WKTRhyJfEne7n6qvHpsMwwIDxljs210mWSO1ucBy7lR1Lo7/7kjeZeLcqQ==",
        "dependencies": {
          "Microsoft.Extensions.Primitives": "9.0.10"
        }
      },
      "Microsoft.Extensions.Caching.Memory": {
        "type": "Transitive",
        "resolved": "9.0.10",
        "contentHash": "2iuzwIoCoqZJfH2VLk1xvlQS4PQDEuhj4dWiGb+Qpt1vHFHyffp497cTO6ucsV54W/h4JmM1vzDBv8pVAFazZg==",
        "dependencies": {
          "Microsoft.Extensions.Caching.Abstractions": "9.0.10",
          "Microsoft.Extensions.DependencyInjection.Abstractions": "9.0.10",
          "Microsoft.Extensions.Logging.Abstractions": "9.0.10",
          "Microsoft.Extensions.Options": "9.0.10",
          "Microsoft.Extensions.Primitives": "9.0.10"
        }
      },
      "Microsoft.Extensions.DependencyInjection": {
        "type": "Transitive",
        "resolved": "9.0.10",
        "contentHash": "iEtXCkNd5XhjNJAOb/wO4IhDRdLIE2CsPxZggZQWJ/q2+sa8dmEPC393nnsiqdH8/4KV8Xn25IzgKPR1UEQ0og==",
        "dependencies": {
          "Microsoft.Extensions.DependencyInjection.Abstractions": "9.0.10"
        }
      },
      "Microsoft.Extensions.Logging": {
        "type": "Transitive",
        "resolved": "9.0.10",
        "contentHash": "UBXHqE9vyptVhaFnT1R7YJKCve7TqVI10yjjUZBNGMlW2lZ4c031Slt9hxsOzWCzlpPxxIFyf1Yk4a6Iubxx7w==",
        "dependencies": {
          "Microsoft.Extensions.DependencyInjection": "9.0.10",
          "Microsoft.Extensions.Logging.Abstractions": "9.0.10",
          "Microsoft.Extensions.Options": "9.0.10"
        }
      },
      "Microsoft.Extensions.Options": {
        "type": "Transitive",
        "resolved": "9.0.10",
        "contentHash": "zMNABt8eBv0B0XrWjFy9nZNgddavaOeq3ZdaD5IlHhRH65MrU7HM+Hd8GjWE3e2VDGFPZFfSAc6XVXC17f9fOA==",
        "dependencies": {
          "Microsoft.Extensions.DependencyInjection.Abstractions": "9.0.10",
          "Microsoft.Extensions.Primitives": "9.0.10"
        }
      },
      "Microsoft.Extensions.Primitives": {
        "type": "Transitive",
        "resolved": "9.0.10",
        "contentHash": "3pl8D1O5ZwMpDkZAT2uXrhQ6NipkwEgDLMFuURiHTf72TvkoMP61QYH3Vk1yrzVHnHBdNZk3cQACz8Zc7YGNhQ=="
      },
      "System.Diagnostics.DiagnosticSource": {
        "type": "Transitive",
        "resolved": "9.0.10",
        "contentHash": "uIpKiKp7EWlYZBK71jYP+maGYjDY9YTi/FxBlZoqDzM1ZHZB7gLqUm4jHvRFwaKfR1/Lrt2rQih9LGPIKyNEow=="
      },
      "wally.cleanarchitecture.microservice.application": {
        "type": "Project",
        "dependencies": {
          "Mediator.Abstractions": "[3.0.1, )",
          "Microsoft.Extensions.Logging.Abstractions": "[9.0.10, )",
          "SonarAnalyzer.CSharp": "[10.15.0.120848, )",
          "StyleCop.Analyzers": "[1.1.118, )",
          "Wally.CleanArchitecture.MicroService.Application.Messages": "[1.0.0, )",
          "Wally.CleanArchitecture.MicroService.Domain": "[1.0.0, )"
        }
      },
      "wally.cleanarchitecture.microservice.application.messages": {
        "type": "Project",
        "dependencies": {
          "FluentValidation": "[12.0.0, )",
          "SonarAnalyzer.CSharp": "[10.15.0.120848, )",
          "StyleCop.Analyzers": "[1.1.118, )",
          "Wally.CleanArchitecture.MicroService.Domain": "[1.0.0, )"
        }
      },
      "wally.cleanarchitecture.microservice.domain": {
        "type": "Project",
        "dependencies": {
          "SonarAnalyzer.CSharp": "[10.15.0.120848, )",
          "StyleCop.Analyzers": "[1.1.118, )",
          "Ulid": "[1.4.1, )"
        }
      },
      "Mediator.Abstractions": {
        "type": "CentralTransitive",
        "requested": "[3.0.1, )",
        "resolved": "3.0.1",
        "contentHash": "WLWp7S7pt818wsK2IiFwGwvUhwq0E/7F0LkglDQKx+4rSzRWVKD3CHtaCi1fpeURH+v44ZPxaRVBCNV7uWOBYQ==",
        "dependencies": {
          "Microsoft.Extensions.DependencyInjection.Abstractions": "8.0.0"
        }
      },
      "Microsoft.Extensions.DependencyInjection.Abstractions": {
        "type": "CentralTransitive",
        "requested": "[9.0.10, )",
        "resolved": "9.0.10",
        "contentHash": "r9waLiOPe9ZF1PvzUT+RDoHvpMmY8MW+lb4lqjYGObwKpnyPMLI3odVvlmshwuZcdoHynsGWOrCPA0hxZ63lIA=="
      },
      "Ulid": {
        "type": "CentralTransitive",
        "requested": "[1.4.1, )",
        "resolved": "1.4.1",
        "contentHash": "V6crLJ8a29raWeNwxYGfH9RTKA3H0nR0D9LAGzN3KtEsbiiaWkUjDor6OT5Oz7pxCK+NaY2hu2FLoYEOa8oCkA=="
      }
    }
  }
}