{
  "version": 1,
  "dependencies": {
    "net8.0": {
      "SonarAnalyzer.CSharp": {
        "type": "Direct",
        "requested": "[9.14.0.81108, )",
        "resolved": "9.14.0.81108",
        "contentHash": "+I2yx6sTKgnUHrGzF7q56dA8H7waaX4fCUhqNLTfWrg33ltHX+ZqHXb1KGs5Q8iCN648Dn6J5O/Wf8hv1uXoYQ=="
      },
      "StyleCop.Analyzers": {
        "type": "Direct",
        "requested": "[1.1.118, )",
        "resolved": "1.1.118",
        "contentHash": "Onx6ovGSqXSK07n/0eM3ZusiNdB6cIlJdabQhWGgJp3Vooy9AaLS/tigeybOJAobqbtggTamoWndz72JscZBvw=="
      },
      "Wally.Lib.DDD.Abstractions": {
        "type": "Direct",
        "requested": "[1.3.6, )",
        "resolved": "1.3.6",
        "contentHash": "kqZsZ1b6w2dFCUtkcSRut2UqvWKQ7dHecL9h66sChzPdeCWFt/aBFRBrjENBtoOTbPdyy1at5bplWqbBUNbtjw==",
        "dependencies": {
          "MediatR": "12.0.1",
          "Microsoft.AspNetCore.OData": "8.2.0",
          "Newtonsoft.Json": "13.0.3"
        }
      },
      "MediatR": {
        "type": "Transitive",
        "resolved": "12.0.1",
        "contentHash": "vfxplMielft+g5jxGO31xjjQpI6yqe4r2YGt0Q8x23phwbpJNmUQGY+cCNNFMKKViXRM67ajUlAiwirMeuJWTQ==",
        "dependencies": {
          "MediatR.Contracts": "[2.0.1, 3.0.0)",
          "Microsoft.Extensions.DependencyInjection.Abstractions": "6.0.0"
        }
      },
      "MediatR.Contracts": {
        "type": "Transitive",
        "resolved": "2.0.1",
        "contentHash": "FYv95bNT4UwcNA+G/J1oX5OpRiSUxteXaUt2BJbRSdRNiIUNbggJF69wy6mnk2wYToaanpdXZdCwVylt96MpwQ=="
      },
      "Microsoft.AspNetCore.OData": {
        "type": "Transitive",
        "resolved": "8.2.0",
        "contentHash": "no2bu7pbz0cxrVg2ORoMw29dyHtKAOXxF94Ha0bFwS576yow7kTc6AdERgp5lAYCfK/Snth0sO9qPdV7D/QKuw==",
        "dependencies": {
          "Microsoft.OData.Core": "[7.16.0, 8.0.0)",
          "Microsoft.OData.Edm": "[7.16.0, 8.0.0)",
          "Microsoft.OData.ModelBuilder": "[1.0.9, 2.0.0)",
          "Microsoft.Spatial": "[7.16.0, 8.0.0)"
        }
      },
      "Microsoft.Bcl.AsyncInterfaces": {
        "type": "Transitive",
        "resolved": "5.0.0",
        "contentHash": "W8DPQjkMScOMTtJbPwmPyj9c3zYSFGawDW3jwlBOOsnY+EzZFLgNQ/UMkK35JmkNOVPdCyPr2Tw7Vv9N+KA3ZQ=="
      },
      "Microsoft.Extensions.DependencyInjection.Abstractions": {
        "type": "Transitive",
        "resolved": "6.0.0",
        "contentHash": "xlzi2IYREJH3/m6+lUrQlujzX8wDitm4QGnUu6kUXTQAWPuZY8i+ticFJbzfqaetLA6KR/rO6Ew/HuYD+bxifg=="
      },
      "Microsoft.OData.Core": {
        "type": "Transitive",
        "resolved": "7.16.0",
        "contentHash": "6cskc9e8en3dPTHnMiGoDu9vYQ83OWg7klmwxE0ImI623XW8HTNGk7+Khm/Ell8SPGVxWfcju84owyURFUjhkA==",
        "dependencies": {
          "Microsoft.Bcl.AsyncInterfaces": "5.0.0",
          "Microsoft.OData.Edm": "[7.16.0]",
          "Microsoft.Spatial": "[7.16.0]"
        }
      },
      "Microsoft.OData.Edm": {
        "type": "Transitive",
        "resolved": "7.16.0",
        "contentHash": "nFjO3E+8nFaNOoE/Ne3I5MWmrzQ43W5MeSEwGprKtqw3mn+2ZADxMMmJ2uFWdm2oxDo7CNQNzmb8xQmQP5Aitg==",
        "dependencies": {
          "System.Runtime.CompilerServices.Unsafe": "4.6.0",
          "System.Text.Encodings.Web": "4.7.2",
          "System.Text.Json": "4.6.0"
        }
      },
      "Microsoft.OData.ModelBuilder": {
        "type": "Transitive",
        "resolved": "1.0.9",
        "contentHash": "Qt2AVqW4cFiICWiGdY08c7q2pHdFJTc0jth7oO9T6xb+0SZSHFloScqTMdMNv8M9Wfc16wyWqxYQyVyWiODWDg==",
        "dependencies": {
          "Microsoft.OData.Edm": "[7.9.0, 8.0.0)",
          "Microsoft.Spatial": "[7.9.0, 8.0.0)",
          "System.ComponentModel.Annotations": "4.6.0"
        }
      },
      "Microsoft.Spatial": {
        "type": "Transitive",
        "resolved": "7.16.0",
        "contentHash": "6MvTlVTYovRA9gXNfYdWq3TLwOaJuWGRG07A1U7LIteQYaHQZ1MejRU93/Hb0RLGXZq5cMZF8a9ZP3UXAshAtw=="
      },
      "Newtonsoft.Json": {
        "type": "Transitive",
        "resolved": "13.0.3",
        "contentHash": "HrC5BXdl00IP9zeV+0Z848QWPAoCr9P3bDEZguI+gkLcBKAOxix/tLEAAHC+UvDNPv4a2d18lOReHMOagPa+zQ=="
      },
      "System.ComponentModel.Annotations": {
        "type": "Transitive",
        "resolved": "4.6.0",
        "contentHash": "pOd+UhZ3X8xfwKDlgAzowUJNjp8VYVmOHZm++vCd0kq1HZ0zK3mNo2yRXjYgv7Ik/Xi43fmJfND2PLEsQSALCg=="
      },
      "System.Runtime.CompilerServices.Unsafe": {
        "type": "Transitive",
        "resolved": "4.6.0",
        "contentHash": "HxozeSlipUK7dAroTYwIcGwKDeOVpQnJlpVaOkBz7CM4TsE5b/tKlQBZecTjh6FzcSbxndYaxxpsBMz+wMJeyw=="
      },
      "System.Text.Encodings.Web": {
        "type": "Transitive",
        "resolved": "4.7.2",
        "contentHash": "iTUgB/WtrZ1sWZs84F2hwyQhiRH6QNjQv2DkwrH+WP6RoFga2Q1m3f9/Q7FG8cck8AdHitQkmkXSY8qylcDmuA=="
      },
      "System.Text.Json": {
        "type": "Transitive",
        "resolved": "4.6.0",
        "contentHash": "4F8Xe+JIkVoDJ8hDAZ7HqLkjctN/6WItJIzQaifBwClC7wmoLSda/Sv2i6i1kycqDb3hWF4JCVbpAweyOKHEUA=="
      }
    }
  }
}