{
  "version": 1,
  "dependencies": {
    "net8.0": {
      "FluentValidation": {
        "type": "Direct",
        "requested": "[11.9.0, )",
        "resolved": "11.9.0",
        "contentHash": "VneVlTvwYDkfHV5av3QrQ0amALgrLX6LV94wlYyEsh0B/klJBW7C8y2eAtj5tOZ3jH6CAVpr4s1ZGgew/QWyig=="
      },
      "SonarAnalyzer.CSharp": {
        "type": "Direct",
        "requested": "[9.19.0.84025, )",
        "resolved": "9.19.0.84025",
        "contentHash": "gumqhFh/MHSQBk1aMOmWim+hRSu5FY2H22XI900PyxHOZW+NDmt1c9SgHNMQ141y5FMdoDYy0sHT+xCCzdQeTQ=="
      },
      "StyleCop.Analyzers": {
        "type": "Direct",
        "requested": "[1.1.118, )",
        "resolved": "1.1.118",
        "contentHash": "Onx6ovGSqXSK07n/0eM3ZusiNdB6cIlJdabQhWGgJp3Vooy9AaLS/tigeybOJAobqbtggTamoWndz72JscZBvw=="
      }
    }
  }
}