{
  "version": 1,
  "dependencies": {
    "net8.0": {
      "FluentValidation": {
        "type": "Direct",
        "requested": "[11.9.0, )",
        "resolved": "11.9.0",
        "contentHash": "VneVlTvwYDkfHV5av3QrQ0amALgrLX6LV94wlYyEsh0B/klJBW7C8y2eAtj5tOZ3jH6CAVpr4s1ZGgew/QWyig=="
      },
      "SonarAnalyzer.CSharp": {
        "type": "Direct",
        "requested": "[9.21.0.86780, )",
        "resolved": "9.21.0.86780",
        "contentHash": "m+0RKlTMGDLKH8zDwGqWtvVVbY7leuDWNjcGDqEtvI12lR0fQtmPV8eooMyaA76QxUxRnbIMmilwqba1lXMvJQ=="
      },
      "StyleCop.Analyzers": {
        "type": "Direct",
        "requested": "[1.1.118, )",
        "resolved": "1.1.118",
        "contentHash": "Onx6ovGSqXSK07n/0eM3ZusiNdB6cIlJdabQhWGgJp3Vooy9AaLS/tigeybOJAobqbtggTamoWndz72JscZBvw=="
      }
    }
  }
}