{
  "version": 1,
  "dependencies": {
    "net8.0": {
      "FluentValidation": {
        "type": "Direct",
        "requested": "[11.9.0, )",
        "resolved": "11.9.0",
        "contentHash": "VneVlTvwYDkfHV5av3QrQ0amALgrLX6LV94wlYyEsh0B/klJBW7C8y2eAtj5tOZ3jH6CAVpr4s1ZGgew/QWyig=="
      },
      "SonarAnalyzer.CSharp": {
        "type": "Direct",
        "requested": "[9.23.1.88495, )",
        "resolved": "9.23.1.88495",
        "contentHash": "aKrXq94OO1wiMtsBttRd7vRJKFWp/eVeMJrPFB6OIbjbpxEySbKrLmM8Kj1ZF5jqp5yaZGBLMpe6jxodJqPyMg=="
      },
      "StyleCop.Analyzers": {
        "type": "Direct",
        "requested": "[1.1.118, )",
        "resolved": "1.1.118",
        "contentHash": "Onx6ovGSqXSK07n/0eM3ZusiNdB6cIlJdabQhWGgJp3Vooy9AaLS/tigeybOJAobqbtggTamoWndz72JscZBvw=="
      }
    }
  }
}