{
  "version": 2,
  "dependencies": {
    "net8.0": {
      "AutoMapper": {
        "type": "Direct",
        "requested": "[14.0.0, )",
        "resolved": "14.0.0",
        "contentHash": "OC+1neAPM4oCCqQj3g2GJ2shziNNhOkxmNB9cVS8jtx4JbgmRzLcUOxB9Tsz6cVPHugdkHgCaCrTjjSI0Z5sCQ==",
        "dependencies": {
          "Microsoft.Extensions.Options": "8.0.0"
        }
      },
      "SonarAnalyzer.CSharp": {
        "type": "Direct",
        "requested": "[10.12.0.118525, )",
        "resolved": "10.12.0.118525",
        "contentHash": "uP38bsYegQBk8WOM6LYIAht6hrA7tcJgep/WuifPJjhjtjysPUP/iM/c1+P2+llNIDmm1s8Xh86+WG3K71eycw=="
      },
      "StyleCop.Analyzers": {
        "type": "Direct",
        "requested": "[1.1.118, )",
        "resolved": "1.1.118",
        "contentHash": "Onx6ovGSqXSK07n/0eM3ZusiNdB6cIlJdabQhWGgJp3Vooy9AaLS/tigeybOJAobqbtggTamoWndz72JscZBvw=="
      },
      "Microsoft.Extensions.Options": {
        "type": "Transitive",
        "resolved": "8.0.0",
        "contentHash": "JOVOfqpnqlVLUzINQ2fox8evY2SKLYJ3BV8QDe/Jyp21u1T7r45x/R/5QdteURMR5r01GxeJSBBUOCOyaNXA3g==",
        "dependencies": {
          "Microsoft.Extensions.DependencyInjection.Abstractions": "8.0.0",
          "Microsoft.Extensions.Primitives": "8.0.0"
        }
      },
      "Microsoft.Extensions.Primitives": {
        "type": "Transitive",
        "resolved": "8.0.0",
        "contentHash": "bXJEZrW9ny8vjMF1JV253WeLhpEVzFo1lyaZu1vQ4ZxWUlVvknZ/+ftFgVheLubb4eZPSwwxBeqS1JkCOjxd8g=="
      },
      "wally.cleanarchitecture.microservice.application.contracts": {
        "type": "Project",
        "dependencies": {
          "FluentValidation": "[12.0.0, )",
          "Reinforced.Typings": "[1.6.5, )",
          "SonarAnalyzer.CSharp": "[10.12.0.118525, )",
          "StyleCop.Analyzers": "[1.1.118, )",
          "Wally.CleanArchitecture.MicroService.Domain": "[1.0.0, )"
        }
      },
      "wally.cleanarchitecture.microservice.domain": {
        "type": "Project",
        "dependencies": {
          "SonarAnalyzer.CSharp": "[10.12.0.118525, )",
          "StyleCop.Analyzers": "[1.1.118, )",
          "Ulid": "[1.3.4, )"
        }
      },
      "FluentValidation": {
        "type": "CentralTransitive",
        "requested": "[12.0.0, )",
        "resolved": "12.0.0",
        "contentHash": "8NVLxtMUXynRHJIX3Hn1ACovaqZIJASufXIIFkD0EUbcd5PmMsL1xUD5h548gCezJ5BzlITaR9CAMrGe29aWpA=="
      },
      "Microsoft.Extensions.DependencyInjection.Abstractions": {
        "type": "CentralTransitive",
        "requested": "[9.0.6, )",
        "resolved": "8.0.0",
        "contentHash": "cjWrLkJXK0rs4zofsK4bSdg+jhDLTaxrkXu4gS6Y7MAlCvRyNNgwY/lJi5RDlQOnSZweHqoyvgvbdvQsRIW+hg=="
      },
      "Reinforced.Typings": {
        "type": "CentralTransitive",
        "requested": "[1.6.5, )",
        "resolved": "1.6.5",
        "contentHash": "IUoJBwl8NsbcWELUY3WaIlfPFzceShjiTeNq/a5ymzw0UsiKx+sKwD9HdWWQBwx+l+iVVBi7i5tAcmFw4eKG2A=="
      },
      "Ulid": {
        "type": "CentralTransitive",
        "requested": "[1.3.4, )",
        "resolved": "1.3.4",
        "contentHash": "6IaGquwjjfW+BoHSV844y12Uy2kxbboYNmsibxr2lotcSPAA3LKy1CKcAQ8JOdAdL4xMoDNXA1oxG41w7fbr6Q=="
      }
    }
  }
}