{
  "version": 1,
  "dependencies": {
    "net6.0": {
      "FluentValidation": {
        "type": "Direct",
        "requested": "[11.4.0, )",
        "resolved": "11.4.0",
        "contentHash": "WZJyrNf4suiaI6avVG32W9kmBLC3+V5rDTcLeRJjeU4tDmTyDIOz1459DzCKppXs34YpZg9rCUzDY3M4XxG7Ug=="
      },
      "Reinforced.Typings": {
        "type": "Direct",
        "requested": "[1.6.1, )",
        "resolved": "1.6.1",
        "contentHash": "w0eQOQ/xR+ap+W2ewYDLgE9zPuq6dKUWLGDoaP7x0nZza1/n7qW/venMj3ykjUEQMmMIZOP7egCRnny1/WBszw=="
      },
      "StyleCop.Analyzers": {
        "type": "Direct",
        "requested": "[1.1.118, )",
        "resolved": "1.1.118",
        "contentHash": "Onx6ovGSqXSK07n/0eM3ZusiNdB6cIlJdabQhWGgJp3Vooy9AaLS/tigeybOJAobqbtggTamoWndz72JscZBvw=="
      },
      "Wally.Lib.DDD.Abstractions": {
        "type": "Direct",
        "requested": "[1.2.0, )",
        "resolved": "1.2.0",
        "contentHash": "XSw/8vioNs7rPixD5gtkSnw1NumuWEbzaocBSEVOJgioMY2zZXbpAtJ6qwjR/qPUhYVeKPrCeUBQqHfm4d4Lww==",
        "dependencies": {
          "MediatR": "10.0.1",
          "Microsoft.AspNetCore.OData": "8.0.10",
          "Newtonsoft.Json": "13.0.1"
        }
      },
      "MediatR": {
        "type": "Transitive",
        "resolved": "10.0.1",
        "contentHash": "vnjbk4giDJzJelh34Ygt0eorApCKrRFB7j0pauFPY1oxfO3cEZ7FugBrIOjCM76SDGTOmPFfbfmVnz1t3iFrGA==",
        "dependencies": {
          "MediatR.Contracts": "1.0.1"
        }
      },
      "MediatR.Contracts": {
        "type": "Transitive",
        "resolved": "1.0.1",
        "contentHash": "NsRvOxthhkYml4DcBMyJsmym8C4MchioH7wxKVPEg7plFj9Euh/i4IcmZ3Gvgx6+K8obeuhPeJdoBl56wnuo3A=="
      },
      "Microsoft.AspNetCore.OData": {
        "type": "Transitive",
        "resolved": "8.0.10",
        "contentHash": "qnbUcsGECdGfR++ps7uCenIFbBhET8RXrw+jjUlaXu9kxRfPtxSn0k/H5LWMe/SioPA+KWQpk9pJr8k0c+8Ryg==",
        "dependencies": {
          "Microsoft.OData.Core": "[7.9.4, 8.0.0)",
          "Microsoft.OData.Edm": "[7.9.4, 8.0.0)",
          "Microsoft.OData.ModelBuilder": "[1.0.8, 2.0.0)",
          "Microsoft.Spatial": "[7.9.4, 8.0.0)"
        }
      },
      "Microsoft.Bcl.AsyncInterfaces": {
        "type": "Transitive",
        "resolved": "5.0.0",
        "contentHash": "W8DPQjkMScOMTtJbPwmPyj9c3zYSFGawDW3jwlBOOsnY+EzZFLgNQ/UMkK35JmkNOVPdCyPr2Tw7Vv9N+KA3ZQ=="
      },
      "Microsoft.OData.Core": {
        "type": "Transitive",
        "resolved": "7.9.4",
        "contentHash": "+dW3LgUlGzwq/dyBJ7PhPqTH1h+iS7Om3S0+nwmPsWZH0DxVOuOuSEr+5dbYvWFL49FfjQrYCi+wedZ89JBh/g==",
        "dependencies": {
          "Microsoft.Bcl.AsyncInterfaces": "5.0.0",
          "Microsoft.OData.Edm": "[7.9.4]",
          "Microsoft.Spatial": "[7.9.4]"
        }
      },
      "Microsoft.OData.Edm": {
        "type": "Transitive",
        "resolved": "7.9.4",
        "contentHash": "99KOeJKiIZHLLKOrDuOsbUs1G/AqIoGpXQnkxAqt/YSCWFVgBXw4wT0KpgKqw/j4aQRXQuFxJ3rPSFNCkwaTSA==",
        "dependencies": {
          "System.Runtime.CompilerServices.Unsafe": "4.6.0",
          "System.Text.Encodings.Web": "4.7.2",
          "System.Text.Json": "4.6.0"
        }
      },
      "Microsoft.OData.ModelBuilder": {
        "type": "Transitive",
        "resolved": "1.0.8",
        "contentHash": "svkoLjtvdRtyAuhcBugNAmKYE3zHFXE3C2HpaRXKeuB5mVxo5DK8ZSxoox0PqiwTSFqq0hlWNy5GC1fVgQlElQ==",
        "dependencies": {
          "Microsoft.OData.Edm": "[7.9.0, 8.0.0)",
          "Microsoft.Spatial": "[7.9.0, 8.0.0)",
          "System.ComponentModel.Annotations": "4.6.0"
        }
      },
      "Microsoft.Spatial": {
        "type": "Transitive",
        "resolved": "7.9.4",
        "contentHash": "eLTR0WylZ3CwstY6lEIjVpnjkhsxUq8Dj0dSrCTAwL76f0m6KnYea0Woy1roe6VH9Ed9HGUTeK+3qLbnqdnu2Q=="
      },
      "Newtonsoft.Json": {
        "type": "Transitive",
        "resolved": "13.0.1",
        "contentHash": "ppPFpBcvxdsfUonNcvITKqLl3bqxWbDCZIzDWHzjpdAHRFfZe0Dw9HmA0+za13IdyrgJwpkDTDA9fHaxOrt20A=="
      },
      "System.ComponentModel.Annotations": {
        "type": "Transitive",
        "resolved": "4.6.0",
        "contentHash": "pOd+UhZ3X8xfwKDlgAzowUJNjp8VYVmOHZm++vCd0kq1HZ0zK3mNo2yRXjYgv7Ik/Xi43fmJfND2PLEsQSALCg=="
      },
      "System.Runtime.CompilerServices.Unsafe": {
        "type": "Transitive",
        "resolved": "4.6.0",
        "contentHash": "HxozeSlipUK7dAroTYwIcGwKDeOVpQnJlpVaOkBz7CM4TsE5b/tKlQBZecTjh6FzcSbxndYaxxpsBMz+wMJeyw=="
      },
      "System.Text.Encodings.Web": {
        "type": "Transitive",
        "resolved": "4.7.2",
        "contentHash": "iTUgB/WtrZ1sWZs84F2hwyQhiRH6QNjQv2DkwrH+WP6RoFga2Q1m3f9/Q7FG8cck8AdHitQkmkXSY8qylcDmuA=="
      },
      "System.Text.Json": {
        "type": "Transitive",
        "resolved": "4.6.0",
        "contentHash": "4F8Xe+JIkVoDJ8hDAZ7HqLkjctN/6WItJIzQaifBwClC7wmoLSda/Sv2i6i1kycqDb3hWF4JCVbpAweyOKHEUA=="
      }
    }
  }
}