
Microsoft Visual Studio Solution File, Format Version 12.00
# Visual Studio Version 16
VisualStudioVersion = 16.0.30114.105
MinimumVisualStudioVersion = 10.0.40219.1
Project("{2150E333-8FDC-42A3-9474-1A3956D46DE8}") = "Solution Items", "Solution Items", "{6C1B6104-7628-4FC2-9CED-3BDA233E97CB}"
ProjectSection(SolutionItems) = preProject
				.config\dotnet-tools.json = .config\dotnet-tools.json
				AssemblyInfo.cs = AssemblyInfo.cs
				Directory.Build.props = Directory.Build.props
				Directory.BuildTests.props = Directory.BuildTests.props
				Directory.Packages.props = Directory.Packages.props
				global.json = global.json
				NuGet.config = NuGet.config
				README.md = README.md
EndProjectSection
EndProject
Project("{2150E333-8FDC-42A3-9474-1A3956D46DE8}") = "Domain", "Domain", "{7CA1E01A-F818-48B9-A573-20A904B9F7C2}"
EndProject
Project("{2150E333-8FDC-42A3-9474-1A3956D46DE8}") = "Application", "Application", "{5C7411C2-8CAD-4F46-9741-14B5BEB222B1}"
EndProject
Project("{2150E333-8FDC-42A3-9474-1A3956D46DE8}") = "Infrastructure", "Infrastructure", "{A81A9220-878D-4D52-A278-BB93EF09EA4B}"
EndProject
Project("{2150E333-8FDC-42A3-9474-1A3956D46DE8}") = "Presentation", "Presentation", "{56971E79-C47B-463B-B8BC-E8F01D8B49C4}"
EndProject
Project("{2150E333-8FDC-42A3-9474-1A3956D46DE8}") = "Tests", "Tests", "{7DDF052D-3D5E-4C6B-9CDE-F4793B315C05}"
EndProject
Project("{FAE04EC0-301F-11D3-BF4B-00C04F79EFBC}") = "Wally.CleanArchitecture.MicroService.Domain", "Wally.CleanArchitecture.MicroService\Wally.CleanArchitecture.MicroService.Domain\Wally.CleanArchitecture.MicroService.Domain.csproj", "{566755FA-0E86-4B73-A72C-CE7A7908DA72}"
EndProject
Project("{FAE04EC0-301F-11D3-BF4B-00C04F79EFBC}") = "Wally.CleanArchitecture.MicroService.Application", "Wally.CleanArchitecture.MicroService\Wally.CleanArchitecture.MicroService.Application\Wally.CleanArchitecture.MicroService.Application.csproj", "{AD247D0C-C02A-4F5F-B261-86E06C683E39}"
EndProject
Project("{FAE04EC0-301F-11D3-BF4B-00C04F79EFBC}") = "Wally.CleanArchitecture.MicroService.Tests.UnitTests", "Wally.CleanArchitecture.MicroService\Wally.CleanArchitecture.MicroService.Tests.UnitTests\Wally.CleanArchitecture.MicroService.Tests.UnitTests.csproj", "{0CCA9773-E741-4161-8E53-6692CB97CD69}"
EndProject
Project("{FAE04EC0-301F-11D3-BF4B-00C04F79EFBC}") = "Wally.CleanArchitecture.MicroService.Infrastructure.Persistence", "Wally.CleanArchitecture.MicroService\Wally.CleanArchitecture.MicroService.Infrastructure.Persistence\Wally.CleanArchitecture.MicroService.Infrastructure.Persistence.csproj", "{C0586FB0-EEFE-49C5-AB94-D8EC1B5623F9}"
EndProject
Project("{FAE04EC0-301F-11D3-BF4B-00C04F79EFBC}") = "Wally.CleanArchitecture.MicroService.Tests.ConventionTests", "Wally.CleanArchitecture.MicroService\Wally.CleanArchitecture.MicroService.Tests.ConventionTests\Wally.CleanArchitecture.MicroService.Tests.ConventionTests.csproj", "{74D89F4B-F894-4591-9BFF-8164BD3D37AD}"
EndProject
Project("{FAE04EC0-301F-11D3-BF4B-00C04F79EFBC}") = "Wally.CleanArchitecture.MicroService.WebApi", "Wally.CleanArchitecture.MicroService\Wally.CleanArchitecture.MicroService.WebApi\Wally.CleanArchitecture.MicroService.WebApi.csproj", "{F450E29C-53B7-4CD5-B19E-5A10901CA364}"
EndProject
Project("{FAE04EC0-301F-11D3-BF4B-00C04F79EFBC}") = "Wally.CleanArchitecture.MicroService.Infrastructure.Persistence.SqlServer", "Wally.CleanArchitecture.MicroService\Wally.CleanArchitecture.MicroService.Infrastructure.Persistence.SqlServer\Wally.CleanArchitecture.MicroService.Infrastructure.Persistence.SqlServer.csproj", "{78E2EE48-D658-4129-8CF3-452FC003D618}"
EndProject
Project("{FAE04EC0-301F-11D3-BF4B-00C04F79EFBC}") = "Wally.CleanArchitecture.MicroService.Tests.IntegrationTests", "Wally.CleanArchitecture.MicroService\Wally.CleanArchitecture.MicroService.Tests.IntegrationTests\Wally.CleanArchitecture.MicroService.Tests.IntegrationTests.csproj", "{8F56A431-191E-4881-A137-7C5236A7265C}"
EndProject
#Project("{FAE04EC0-301F-11D3-BF4B-00C04F79EFBC}") = "Wally.CleanArchitecture.MicroService.Application.Contracts", "Wally.CleanArchitecture.MicroService\Wally.CleanArchitecture.MicroService.Application.Contracts\Wally.CleanArchitecture.MicroService.Application.Contracts.csproj", "{0B86D7F8-0293-4D65-BDE3-E4E921DFE8BF}"
#EndProject
Project("{FAE04EC0-301F-11D3-BF4B-00C04F79EFBC}") = "Wally.CleanArchitecture.MicroService.Application.MapperProfiles", "Wally.CleanArchitecture.MicroService\Wally.CleanArchitecture.MicroService.Application.MapperProfiles\Wally.CleanArchitecture.MicroService.Application.MapperProfiles.csproj", "{505AA394-0CB4-4F90-B600-FA5D88437D10}"
EndProject
Project("{FAE04EC0-301F-11D3-BF4B-00C04F79EFBC}") = "Wally.CleanArchitecture.MicroService.Infrastructure.PipelineBehaviours", "Wally.CleanArchitecture.MicroService\Wally.CleanArchitecture.MicroService.Infrastructure.PipelineBehaviours\Wally.CleanArchitecture.MicroService.Infrastructure.PipelineBehaviours.csproj", "{B618D678-EAE4-448C-B126-6E61844DCA95}"
EndProject
Project("{FAE04EC0-301F-11D3-BF4B-00C04F79EFBC}") = "Wally.CleanArchitecture.MicroService.Infrastructure.Messaging", "Wally.CleanArchitecture.MicroService\Wally.CleanArchitecture.MicroService.Infrastructure.Messaging\Wally.CleanArchitecture.MicroService.Infrastructure.Messaging.csproj", "{2B6BCDE8-AA6E-4CFE-A504-9D2E26F09163}"
EndProject
Project("{FAE04EC0-301F-11D3-BF4B-00C04F79EFBC}") = "Wally.CleanArchitecture.MicroService.Infrastructure.DI.Microsoft", "Wally.CleanArchitecture.MicroService\Wally.CleanArchitecture.MicroService.Infrastructure.DI.Microsoft\Wally.CleanArchitecture.MicroService.Infrastructure.DI.Microsoft.csproj", "{C9B64D74-D4A6-4821-9016-990EFE6D3FA4}"
EndProject
Project("{FAE04EC0-301F-11D3-BF4B-00C04F79EFBC}") = "Wally.CleanArchitecture.MicroService.Application.Messages", "Wally.CleanArchitecture.MicroService\Wally.CleanArchitecture.MicroService.Application.Messages\Wally.CleanArchitecture.MicroService.Application.Messages.csproj", "{0708CEB4-B5DE-4205-873B-525D159DD513}"
EndProject
#Project("{FAE04EC0-301F-11D3-BF4B-00C04F79EFBC}") = "Wally.CleanArchitecture.MicroService.Infrastructure.Persistence.PostgreSQL", "Wally.CleanArchitecture.MicroService\Wally.CleanArchitecture.MicroService.Infrastructure.Persistence.PostgreSQL\Wally.CleanArchitecture.MicroService.Infrastructure.Persistence.PostgreSQL.csproj", "{EE250951-AD1B-456C-8CCC-AF5187E684CC}"
#EndProject
#Project("{FAE04EC0-301F-11D3-BF4B-00C04F79EFBC}") = "Wally.CleanArchitecture.MicroService.Infrastructure.Persistence.MySql", "Wally.CleanArchitecture.MicroService\Wally.CleanArchitecture.MicroService.Infrastructure.Persistence.MySql\Wally.CleanArchitecture.MicroService.Infrastructure.Persistence.MySql.csproj", "{0EC7A04A-D1AD-4EA0-AF00-EB4884A6B271}"
#EndProject
Project("{FAE04EC0-301F-11D3-BF4B-00C04F79EFBC}") = "Wally.CleanArchitecture.MicroService.Infrastructure.Persistence.SQLite", "Wally.CleanArchitecture.MicroService\Wally.CleanArchitecture.MicroService.Infrastructure.Persistence.SQLite\Wally.CleanArchitecture.MicroService.Infrastructure.Persistence.SQLite.csproj", "{8E7C4BE3-AD23-4682-93EA-74FA4B98A788}"
EndProject
Project("{FAE04EC0-301F-11D3-BF4B-00C04F79EFBC}") = "Wally.CleanArchitecture.MicroService.Infrastructure.BackgroundServices", "Wally.CleanArchitecture.MicroService\Wally.CleanArchitecture.MicroService.Infrastructure.BackgroundServices\Wally.CleanArchitecture.MicroService.Infrastructure.BackgroundServices.csproj", "{86CDBA0D-4135-4001-A978-28E46C96404A}"
EndProject
Project("{FAE04EC0-301F-11D3-BF4B-00C04F79EFBC}") = "Wally.CleanArchitecture.MicroService.Application.DI.Microsoft", "Wally.CleanArchitecture.MicroService\Wally.CleanArchitecture.MicroService.Application.DI.Microsoft\Wally.CleanArchitecture.MicroService.Application.DI.Microsoft.csproj", "{030A7DC6-37D0-4E46-ABBA-9DCAC8A037BE}"
EndProject
Project("{FAE04EC0-301F-11D3-BF4B-00C04F79EFBC}") = "Wally.CleanArchitecture.MicroService.Infrastructure.SchedulerService", "Wally.CleanArchitecture.MicroService\Wally.CleanArchitecture.MicroService.Infrastructure.SchedulerService\Wally.CleanArchitecture.MicroService.Infrastructure.SchedulerService.csproj", "{E0E146A3-2369-4C0C-AFB5-597F1D5C752D}"
EndProject
Global
	GlobalSection(SolutionConfigurationPlatforms) = preSolution
		Debug|Any CPU = Debug|Any CPU
		Debug|x64 = Debug|x64
		Debug|x86 = Debug|x86
		Release|Any CPU = Release|Any CPU
		Release|x64 = Release|x64
		Release|x86 = Release|x86
	EndGlobalSection
	GlobalSection(SolutionProperties) = preSolution
		HideSolutionNode = FALSE
	EndGlobalSection
	GlobalSection(ProjectConfigurationPlatforms) = postSolution
		{0CCA9773-E741-4161-8E53-6692CB97CD69}.Debug|Any CPU.ActiveCfg = Debug|Any CPU
		{0CCA9773-E741-4161-8E53-6692CB97CD69}.Debug|Any CPU.Build.0 = Debug|Any CPU
		{0CCA9773-E741-4161-8E53-6692CB97CD69}.Debug|x64.ActiveCfg = Debug|Any CPU
		{0CCA9773-E741-4161-8E53-6692CB97CD69}.Debug|x64.Build.0 = Debug|Any CPU
		{0CCA9773-E741-4161-8E53-6692CB97CD69}.Debug|x86.ActiveCfg = Debug|Any CPU
		{0CCA9773-E741-4161-8E53-6692CB97CD69}.Debug|x86.Build.0 = Debug|Any CPU
		{0CCA9773-E741-4161-8E53-6692CB97CD69}.Release|Any CPU.ActiveCfg = Release|Any CPU
		{0CCA9773-E741-4161-8E53-6692CB97CD69}.Release|Any CPU.Build.0 = Release|Any CPU
		{0CCA9773-E741-4161-8E53-6692CB97CD69}.Release|x64.ActiveCfg = Release|Any CPU
		{0CCA9773-E741-4161-8E53-6692CB97CD69}.Release|x64.Build.0 = Release|Any CPU
		{0CCA9773-E741-4161-8E53-6692CB97CD69}.Release|x86.ActiveCfg = Release|Any CPU
		{0CCA9773-E741-4161-8E53-6692CB97CD69}.Release|x86.Build.0 = Release|Any CPU
		{566755FA-0E86-4B73-A72C-CE7A7908DA72}.Debug|Any CPU.ActiveCfg = Debug|Any CPU
		{566755FA-0E86-4B73-A72C-CE7A7908DA72}.Debug|Any CPU.Build.0 = Debug|Any CPU
		{566755FA-0E86-4B73-A72C-CE7A7908DA72}.Debug|x64.ActiveCfg = Debug|Any CPU
		{566755FA-0E86-4B73-A72C-CE7A7908DA72}.Debug|x64.Build.0 = Debug|Any CPU
		{566755FA-0E86-4B73-A72C-CE7A7908DA72}.Debug|x86.ActiveCfg = Debug|Any CPU
		{566755FA-0E86-4B73-A72C-CE7A7908DA72}.Debug|x86.Build.0 = Debug|Any CPU
		{566755FA-0E86-4B73-A72C-CE7A7908DA72}.Release|Any CPU.ActiveCfg = Release|Any CPU
		{566755FA-0E86-4B73-A72C-CE7A7908DA72}.Release|Any CPU.Build.0 = Release|Any CPU
		{566755FA-0E86-4B73-A72C-CE7A7908DA72}.Release|x64.ActiveCfg = Release|Any CPU
		{566755FA-0E86-4B73-A72C-CE7A7908DA72}.Release|x64.Build.0 = Release|Any CPU
		{566755FA-0E86-4B73-A72C-CE7A7908DA72}.Release|x86.ActiveCfg = Release|Any CPU
		{566755FA-0E86-4B73-A72C-CE7A7908DA72}.Release|x86.Build.0 = Release|Any CPU
		{AD247D0C-C02A-4F5F-B261-86E06C683E39}.Debug|Any CPU.ActiveCfg = Debug|Any CPU
		{AD247D0C-C02A-4F5F-B261-86E06C683E39}.Debug|Any CPU.Build.0 = Debug|Any CPU
		{AD247D0C-C02A-4F5F-B261-86E06C683E39}.Debug|x64.ActiveCfg = Debug|Any CPU
		{AD247D0C-C02A-4F5F-B261-86E06C683E39}.Debug|x64.Build.0 = Debug|Any CPU
		{AD247D0C-C02A-4F5F-B261-86E06C683E39}.Debug|x86.ActiveCfg = Debug|Any CPU
		{AD247D0C-C02A-4F5F-B261-86E06C683E39}.Debug|x86.Build.0 = Debug|Any CPU
		{AD247D0C-C02A-4F5F-B261-86E06C683E39}.Release|Any CPU.ActiveCfg = Release|Any CPU
		{AD247D0C-C02A-4F5F-B261-86E06C683E39}.Release|Any CPU.Build.0 = Release|Any CPU
		{AD247D0C-C02A-4F5F-B261-86E06C683E39}.Release|x64.ActiveCfg = Release|Any CPU
		{AD247D0C-C02A-4F5F-B261-86E06C683E39}.Release|x64.Build.0 = Release|Any CPU
		{AD247D0C-C02A-4F5F-B261-86E06C683E39}.Release|x86.ActiveCfg = Release|Any CPU
		{AD247D0C-C02A-4F5F-B261-86E06C683E39}.Release|x86.Build.0 = Release|Any CPU
		{C0586FB0-EEFE-49C5-AB94-D8EC1B5623F9}.Debug|Any CPU.ActiveCfg = Debug|Any CPU
		{C0586FB0-EEFE-49C5-AB94-D8EC1B5623F9}.Debug|Any CPU.Build.0 = Debug|Any CPU
		{C0586FB0-EEFE-49C5-AB94-D8EC1B5623F9}.Debug|x64.ActiveCfg = Debug|Any CPU
		{C0586FB0-EEFE-49C5-AB94-D8EC1B5623F9}.Debug|x64.Build.0 = Debug|Any CPU
		{C0586FB0-EEFE-49C5-AB94-D8EC1B5623F9}.Debug|x86.ActiveCfg = Debug|Any CPU
		{C0586FB0-EEFE-49C5-AB94-D8EC1B5623F9}.Debug|x86.Build.0 = Debug|Any CPU
		{C0586FB0-EEFE-49C5-AB94-D8EC1B5623F9}.Release|Any CPU.ActiveCfg = Release|Any CPU
		{C0586FB0-EEFE-49C5-AB94-D8EC1B5623F9}.Release|Any CPU.Build.0 = Release|Any CPU
		{C0586FB0-EEFE-49C5-AB94-D8EC1B5623F9}.Release|x64.ActiveCfg = Release|Any CPU
		{C0586FB0-EEFE-49C5-AB94-D8EC1B5623F9}.Release|x64.Build.0 = Release|Any CPU
		{C0586FB0-EEFE-49C5-AB94-D8EC1B5623F9}.Release|x86.ActiveCfg = Release|Any CPU
		{C0586FB0-EEFE-49C5-AB94-D8EC1B5623F9}.Release|x86.Build.0 = Release|Any CPU
		{74D89F4B-F894-4591-9BFF-8164BD3D37AD}.Debug|Any CPU.ActiveCfg = Debug|Any CPU
		{74D89F4B-F894-4591-9BFF-8164BD3D37AD}.Debug|Any CPU.Build.0 = Debug|Any CPU
		{74D89F4B-F894-4591-9BFF-8164BD3D37AD}.Debug|x64.ActiveCfg = Debug|Any CPU
		{74D89F4B-F894-4591-9BFF-8164BD3D37AD}.Debug|x64.Build.0 = Debug|Any CPU
		{74D89F4B-F894-4591-9BFF-8164BD3D37AD}.Debug|x86.ActiveCfg = Debug|Any CPU
		{74D89F4B-F894-4591-9BFF-8164BD3D37AD}.Debug|x86.Build.0 = Debug|Any CPU
		{74D89F4B-F894-4591-9BFF-8164BD3D37AD}.Release|Any CPU.ActiveCfg = Release|Any CPU
		{74D89F4B-F894-4591-9BFF-8164BD3D37AD}.Release|Any CPU.Build.0 = Release|Any CPU
		{74D89F4B-F894-4591-9BFF-8164BD3D37AD}.Release|x64.ActiveCfg = Release|Any CPU
		{74D89F4B-F894-4591-9BFF-8164BD3D37AD}.Release|x64.Build.0 = Release|Any CPU
		{74D89F4B-F894-4591-9BFF-8164BD3D37AD}.Release|x86.ActiveCfg = Release|Any CPU
		{74D89F4B-F894-4591-9BFF-8164BD3D37AD}.Release|x86.Build.0 = Release|Any CPU
		{F450E29C-53B7-4CD5-B19E-5A10901CA364}.Debug|Any CPU.ActiveCfg = Debug|Any CPU
		{F450E29C-53B7-4CD5-B19E-5A10901CA364}.Debug|Any CPU.Build.0 = Debug|Any CPU
		{F450E29C-53B7-4CD5-B19E-5A10901CA364}.Debug|x64.ActiveCfg = Debug|Any CPU
		{F450E29C-53B7-4CD5-B19E-5A10901CA364}.Debug|x64.Build.0 = Debug|Any CPU
		{F450E29C-53B7-4CD5-B19E-5A10901CA364}.Debug|x86.ActiveCfg = Debug|Any CPU
		{F450E29C-53B7-4CD5-B19E-5A10901CA364}.Debug|x86.Build.0 = Debug|Any CPU
		{F450E29C-53B7-4CD5-B19E-5A10901CA364}.Release|Any CPU.ActiveCfg = Release|Any CPU
		{F450E29C-53B7-4CD5-B19E-5A10901CA364}.Release|Any CPU.Build.0 = Release|Any CPU
		{F450E29C-53B7-4CD5-B19E-5A10901CA364}.Release|x64.ActiveCfg = Release|Any CPU
		{F450E29C-53B7-4CD5-B19E-5A10901CA364}.Release|x64.Build.0 = Release|Any CPU
		{F450E29C-53B7-4CD5-B19E-5A10901CA364}.Release|x86.ActiveCfg = Release|Any CPU
		{F450E29C-53B7-4CD5-B19E-5A10901CA364}.Release|x86.Build.0 = Release|Any CPU
		{78E2EE48-D658-4129-8CF3-452FC003D618}.Debug|Any CPU.ActiveCfg = Debug|Any CPU
		{78E2EE48-D658-4129-8CF3-452FC003D618}.Debug|Any CPU.Build.0 = Debug|Any CPU
		{78E2EE48-D658-4129-8CF3-452FC003D618}.Debug|x64.ActiveCfg = Debug|Any CPU
		{78E2EE48-D658-4129-8CF3-452FC003D618}.Debug|x64.Build.0 = Debug|Any CPU
		{78E2EE48-D658-4129-8CF3-452FC003D618}.Debug|x86.ActiveCfg = Debug|Any CPU
		{78E2EE48-D658-4129-8CF3-452FC003D618}.Debug|x86.Build.0 = Debug|Any CPU
		{78E2EE48-D658-4129-8CF3-452FC003D618}.Release|Any CPU.ActiveCfg = Release|Any CPU
		{78E2EE48-D658-4129-8CF3-452FC003D618}.Release|Any CPU.Build.0 = Release|Any CPU
		{78E2EE48-D658-4129-8CF3-452FC003D618}.Release|x64.ActiveCfg = Release|Any CPU
		{78E2EE48-D658-4129-8CF3-452FC003D618}.Release|x64.Build.0 = Release|Any CPU
		{78E2EE48-D658-4129-8CF3-452FC003D618}.Release|x86.ActiveCfg = Release|Any CPU
		{78E2EE48-D658-4129-8CF3-452FC003D618}.Release|x86.Build.0 = Release|Any CPU
		{8F56A431-191E-4881-A137-7C5236A7265C}.Debug|Any CPU.ActiveCfg = Debug|Any CPU
		{8F56A431-191E-4881-A137-7C5236A7265C}.Debug|Any CPU.Build.0 = Debug|Any CPU
		{8F56A431-191E-4881-A137-7C5236A7265C}.Debug|x64.ActiveCfg = Debug|Any CPU
		{8F56A431-191E-4881-A137-7C5236A7265C}.Debug|x64.Build.0 = Debug|Any CPU
		{8F56A431-191E-4881-A137-7C5236A7265C}.Debug|x86.ActiveCfg = Debug|Any CPU
		{8F56A431-191E-4881-A137-7C5236A7265C}.Debug|x86.Build.0 = Debug|Any CPU
		{8F56A431-191E-4881-A137-7C5236A7265C}.Release|Any CPU.ActiveCfg = Release|Any CPU
		{8F56A431-191E-4881-A137-7C5236A7265C}.Release|Any CPU.Build.0 = Release|Any CPU
		{8F56A431-191E-4881-A137-7C5236A7265C}.Release|x64.ActiveCfg = Release|Any CPU
		{8F56A431-191E-4881-A137-7C5236A7265C}.Release|x64.Build.0 = Release|Any CPU
		{8F56A431-191E-4881-A137-7C5236A7265C}.Release|x86.ActiveCfg = Release|Any CPU
		{8F56A431-191E-4881-A137-7C5236A7265C}.Release|x86.Build.0 = Release|Any CPU
		#{0B86D7F8-0293-4D65-BDE3-E4E921DFE8BF}.Debug|Any CPU.ActiveCfg = Debug|Any CPU
		#{0B86D7F8-0293-4D65-BDE3-E4E921DFE8BF}.Debug|Any CPU.Build.0 = Debug|Any CPU
		#{0B86D7F8-0293-4D65-BDE3-E4E921DFE8BF}.Debug|x64.ActiveCfg = Debug|Any CPU
		#{0B86D7F8-0293-4D65-BDE3-E4E921DFE8BF}.Debug|x64.Build.0 = Debug|Any CPU
		#{0B86D7F8-0293-4D65-BDE3-E4E921DFE8BF}.Debug|x86.ActiveCfg = Debug|Any CPU
		#{0B86D7F8-0293-4D65-BDE3-E4E921DFE8BF}.Debug|x86.Build.0 = Debug|Any CPU
		#{0B86D7F8-0293-4D65-BDE3-E4E921DFE8BF}.Release|Any CPU.ActiveCfg = Release|Any CPU
		#{0B86D7F8-0293-4D65-BDE3-E4E921DFE8BF}.Release|Any CPU.Build.0 = Release|Any CPU
		#{0B86D7F8-0293-4D65-BDE3-E4E921DFE8BF}.Release|x64.ActiveCfg = Release|Any CPU
		#{0B86D7F8-0293-4D65-BDE3-E4E921DFE8BF}.Release|x64.Build.0 = Release|Any CPU
		#{0B86D7F8-0293-4D65-BDE3-E4E921DFE8BF}.Release|x86.ActiveCfg = Release|Any CPU
		#{0B86D7F8-0293-4D65-BDE3-E4E921DFE8BF}.Release|x86.Build.0 = Release|Any CPU
		{505AA394-0CB4-4F90-B600-FA5D88437D10}.Debug|Any CPU.ActiveCfg = Debug|Any CPU
		{505AA394-0CB4-4F90-B600-FA5D88437D10}.Debug|Any CPU.Build.0 = Debug|Any CPU
		{505AA394-0CB4-4F90-B600-FA5D88437D10}.Debug|x64.ActiveCfg = Debug|Any CPU
		{505AA394-0CB4-4F90-B600-FA5D88437D10}.Debug|x64.Build.0 = Debug|Any CPU
		{505AA394-0CB4-4F90-B600-FA5D88437D10}.Debug|x86.ActiveCfg = Debug|Any CPU
		{505AA394-0CB4-4F90-B600-FA5D88437D10}.Debug|x86.Build.0 = Debug|Any CPU
		{505AA394-0CB4-4F90-B600-FA5D88437D10}.Release|Any CPU.ActiveCfg = Release|Any CPU
		{505AA394-0CB4-4F90-B600-FA5D88437D10}.Release|Any CPU.Build.0 = Release|Any CPU
		{505AA394-0CB4-4F90-B600-FA5D88437D10}.Release|x64.ActiveCfg = Release|Any CPU
		{505AA394-0CB4-4F90-B600-FA5D88437D10}.Release|x64.Build.0 = Release|Any CPU
		{505AA394-0CB4-4F90-B600-FA5D88437D10}.Release|x86.ActiveCfg = Release|Any CPU
		{505AA394-0CB4-4F90-B600-FA5D88437D10}.Release|x86.Build.0 = Release|Any CPU
		{B618D678-EAE4-448C-B126-6E61844DCA95}.Debug|Any CPU.ActiveCfg = Debug|Any CPU
		{B618D678-EAE4-448C-B126-6E61844DCA95}.Debug|Any CPU.Build.0 = Debug|Any CPU
		{B618D678-EAE4-448C-B126-6E61844DCA95}.Debug|x64.ActiveCfg = Debug|Any CPU
		{B618D678-EAE4-448C-B126-6E61844DCA95}.Debug|x64.Build.0 = Debug|Any CPU
		{B618D678-EAE4-448C-B126-6E61844DCA95}.Debug|x86.ActiveCfg = Debug|Any CPU
		{B618D678-EAE4-448C-B126-6E61844DCA95}.Debug|x86.Build.0 = Debug|Any CPU
		{B618D678-EAE4-448C-B126-6E61844DCA95}.Release|Any CPU.ActiveCfg = Release|Any CPU
		{B618D678-EAE4-448C-B126-6E61844DCA95}.Release|Any CPU.Build.0 = Release|Any CPU
		{B618D678-EAE4-448C-B126-6E61844DCA95}.Release|x64.ActiveCfg = Release|Any CPU
		{B618D678-EAE4-448C-B126-6E61844DCA95}.Release|x64.Build.0 = Release|Any CPU
		{B618D678-EAE4-448C-B126-6E61844DCA95}.Release|x86.ActiveCfg = Release|Any CPU
		{B618D678-EAE4-448C-B126-6E61844DCA95}.Release|x86.Build.0 = Release|Any CPU
		{2B6BCDE8-AA6E-4CFE-A504-9D2E26F09163}.Debug|Any CPU.ActiveCfg = Debug|Any CPU
		{2B6BCDE8-AA6E-4CFE-A504-9D2E26F09163}.Debug|Any CPU.Build.0 = Debug|Any CPU
		{2B6BCDE8-AA6E-4CFE-A504-9D2E26F09163}.Debug|x64.ActiveCfg = Debug|Any CPU
		{2B6BCDE8-AA6E-4CFE-A504-9D2E26F09163}.Debug|x64.Build.0 = Debug|Any CPU
		{2B6BCDE8-AA6E-4CFE-A504-9D2E26F09163}.Debug|x86.ActiveCfg = Debug|Any CPU
		{2B6BCDE8-AA6E-4CFE-A504-9D2E26F09163}.Debug|x86.Build.0 = Debug|Any CPU
		{2B6BCDE8-AA6E-4CFE-A504-9D2E26F09163}.Release|Any CPU.ActiveCfg = Release|Any CPU
		{2B6BCDE8-AA6E-4CFE-A504-9D2E26F09163}.Release|Any CPU.Build.0 = Release|Any CPU
		{2B6BCDE8-AA6E-4CFE-A504-9D2E26F09163}.Release|x64.ActiveCfg = Release|Any CPU
		{2B6BCDE8-AA6E-4CFE-A504-9D2E26F09163}.Release|x64.Build.0 = Release|Any CPU
		{2B6BCDE8-AA6E-4CFE-A504-9D2E26F09163}.Release|x86.ActiveCfg = Release|Any CPU
		{2B6BCDE8-AA6E-4CFE-A504-9D2E26F09163}.Release|x86.Build.0 = Release|Any CPU
		{C9B64D74-D4A6-4821-9016-990EFE6D3FA4}.Debug|Any CPU.ActiveCfg = Debug|Any CPU
		{C9B64D74-D4A6-4821-9016-990EFE6D3FA4}.Debug|Any CPU.Build.0 = Debug|Any CPU
		{C9B64D74-D4A6-4821-9016-990EFE6D3FA4}.Debug|x64.ActiveCfg = Debug|Any CPU
		{C9B64D74-D4A6-4821-9016-990EFE6D3FA4}.Debug|x64.Build.0 = Debug|Any CPU
		{C9B64D74-D4A6-4821-9016-990EFE6D3FA4}.Debug|x86.ActiveCfg = Debug|Any CPU
		{C9B64D74-D4A6-4821-9016-990EFE6D3FA4}.Debug|x86.Build.0 = Debug|Any CPU
		{C9B64D74-D4A6-4821-9016-990EFE6D3FA4}.Release|Any CPU.ActiveCfg = Release|Any CPU
		{C9B64D74-D4A6-4821-9016-990EFE6D3FA4}.Release|Any CPU.Build.0 = Release|Any CPU
		{C9B64D74-D4A6-4821-9016-990EFE6D3FA4}.Release|x64.ActiveCfg = Release|Any CPU
		{C9B64D74-D4A6-4821-9016-990EFE6D3FA4}.Release|x64.Build.0 = Release|Any CPU
		{C9B64D74-D4A6-4821-9016-990EFE6D3FA4}.Release|x86.ActiveCfg = Release|Any CPU
		{C9B64D74-D4A6-4821-9016-990EFE6D3FA4}.Release|x86.Build.0 = Release|Any CPU
		{0708CEB4-B5DE-4205-873B-525D159DD513}.Debug|Any CPU.ActiveCfg = Debug|Any CPU
		{0708CEB4-B5DE-4205-873B-525D159DD513}.Debug|Any CPU.Build.0 = Debug|Any CPU
		{0708CEB4-B5DE-4205-873B-525D159DD513}.Debug|x64.ActiveCfg = Debug|Any CPU
		{0708CEB4-B5DE-4205-873B-525D159DD513}.Debug|x64.Build.0 = Debug|Any CPU
		{0708CEB4-B5DE-4205-873B-525D159DD513}.Debug|x86.ActiveCfg = Debug|Any CPU
		{0708CEB4-B5DE-4205-873B-525D159DD513}.Debug|x86.Build.0 = Debug|Any CPU
		{0708CEB4-B5DE-4205-873B-525D159DD513}.Release|Any CPU.ActiveCfg = Release|Any CPU
		{0708CEB4-B5DE-4205-873B-525D159DD513}.Release|Any CPU.Build.0 = Release|Any CPU
		{0708CEB4-B5DE-4205-873B-525D159DD513}.Release|x64.ActiveCfg = Release|Any CPU
		{0708CEB4-B5DE-4205-873B-525D159DD513}.Release|x64.Build.0 = Release|Any CPU
		{0708CEB4-B5DE-4205-873B-525D159DD513}.Release|x86.ActiveCfg = Release|Any CPU
		{0708CEB4-B5DE-4205-873B-525D159DD513}.Release|x86.Build.0 = Release|Any CPU
		#{EE250951-AD1B-456C-8CCC-AF5187E684CC}.Debug|Any CPU.ActiveCfg = Debug|Any CPU
		#{EE250951-AD1B-456C-8CCC-AF5187E684CC}.Debug|Any CPU.Build.0 = Debug|Any CPU
		#{EE250951-AD1B-456C-8CCC-AF5187E684CC}.Debug|x64.ActiveCfg = Debug|Any CPU
		#{EE250951-AD1B-456C-8CCC-AF5187E684CC}.Debug|x64.Build.0 = Debug|Any CPU
		#{EE250951-AD1B-456C-8CCC-AF5187E684CC}.Debug|x86.ActiveCfg = Debug|Any CPU
		#{EE250951-AD1B-456C-8CCC-AF5187E684CC}.Debug|x86.Build.0 = Debug|Any CPU
		#{EE250951-AD1B-456C-8CCC-AF5187E684CC}.Release|Any CPU.ActiveCfg = Release|Any CPU
		#{EE250951-AD1B-456C-8CCC-AF5187E684CC}.Release|Any CPU.Build.0 = Release|Any CPU
		#{EE250951-AD1B-456C-8CCC-AF5187E684CC}.Release|x64.ActiveCfg = Release|Any CPU
		#{EE250951-AD1B-456C-8CCC-AF5187E684CC}.Release|x64.Build.0 = Release|Any CPU
		#{EE250951-AD1B-456C-8CCC-AF5187E684CC}.Release|x86.ActiveCfg = Release|Any CPU
		#{EE250951-AD1B-456C-8CCC-AF5187E684CC}.Release|x86.Build.0 = Release|Any CPU
		#{0EC7A04A-D1AD-4EA0-AF00-EB4884A6B271}.Debug|Any CPU.ActiveCfg = Debug|Any CPU
		#{0EC7A04A-D1AD-4EA0-AF00-EB4884A6B271}.Debug|Any CPU.Build.0 = Debug|Any CPU
		#{0EC7A04A-D1AD-4EA0-AF00-EB4884A6B271}.Debug|x64.ActiveCfg = Debug|Any CPU
		#{0EC7A04A-D1AD-4EA0-AF00-EB4884A6B271}.Debug|x64.Build.0 = Debug|Any CPU
		#{0EC7A04A-D1AD-4EA0-AF00-EB4884A6B271}.Debug|x86.ActiveCfg = Debug|Any CPU
		#{0EC7A04A-D1AD-4EA0-AF00-EB4884A6B271}.Debug|x86.Build.0 = Debug|Any CPU
		#{0EC7A04A-D1AD-4EA0-AF00-EB4884A6B271}.Release|Any CPU.ActiveCfg = Release|Any CPU
		#{0EC7A04A-D1AD-4EA0-AF00-EB4884A6B271}.Release|Any CPU.Build.0 = Release|Any CPU
		#{0EC7A04A-D1AD-4EA0-AF00-EB4884A6B271}.Release|x64.ActiveCfg = Release|Any CPU
		#{0EC7A04A-D1AD-4EA0-AF00-EB4884A6B271}.Release|x64.Build.0 = Release|Any CPU
		#{0EC7A04A-D1AD-4EA0-AF00-EB4884A6B271}.Release|x86.ActiveCfg = Release|Any CPU
		#{0EC7A04A-D1AD-4EA0-AF00-EB4884A6B271}.Release|x86.Build.0 = Release|Any CPU
		{8E7C4BE3-AD23-4682-93EA-74FA4B98A788}.Debug|Any CPU.ActiveCfg = Debug|Any CPU
		{8E7C4BE3-AD23-4682-93EA-74FA4B98A788}.Debug|Any CPU.Build.0 = Debug|Any CPU
		{8E7C4BE3-AD23-4682-93EA-74FA4B98A788}.Debug|x64.ActiveCfg = Debug|Any CPU
		{8E7C4BE3-AD23-4682-93EA-74FA4B98A788}.Debug|x64.Build.0 = Debug|Any CPU
		{8E7C4BE3-AD23-4682-93EA-74FA4B98A788}.Debug|x86.ActiveCfg = Debug|Any CPU
		{8E7C4BE3-AD23-4682-93EA-74FA4B98A788}.Debug|x86.Build.0 = Debug|Any CPU
		{8E7C4BE3-AD23-4682-93EA-74FA4B98A788}.Release|Any CPU.ActiveCfg = Release|Any CPU
		{8E7C4BE3-AD23-4682-93EA-74FA4B98A788}.Release|Any CPU.Build.0 = Release|Any CPU
		{8E7C4BE3-AD23-4682-93EA-74FA4B98A788}.Release|x64.ActiveCfg = Release|Any CPU
		{8E7C4BE3-AD23-4682-93EA-74FA4B98A788}.Release|x64.Build.0 = Release|Any CPU
		{8E7C4BE3-AD23-4682-93EA-74FA4B98A788}.Release|x86.ActiveCfg = Release|Any CPU
		{8E7C4BE3-AD23-4682-93EA-74FA4B98A788}.Release|x86.Build.0 = Release|Any CPU
		{86CDBA0D-4135-4001-A978-28E46C96404A}.Debug|Any CPU.ActiveCfg = Debug|Any CPU
		{86CDBA0D-4135-4001-A978-28E46C96404A}.Debug|Any CPU.Build.0 = Debug|Any CPU
		{86CDBA0D-4135-4001-A978-28E46C96404A}.Debug|x64.ActiveCfg = Debug|Any CPU
		{86CDBA0D-4135-4001-A978-28E46C96404A}.Debug|x64.Build.0 = Debug|Any CPU
		{86CDBA0D-4135-4001-A978-28E46C96404A}.Debug|x86.ActiveCfg = Debug|Any CPU
		{86CDBA0D-4135-4001-A978-28E46C96404A}.Debug|x86.Build.0 = Debug|Any CPU
		{86CDBA0D-4135-4001-A978-28E46C96404A}.Release|Any CPU.ActiveCfg = Release|Any CPU
		{86CDBA0D-4135-4001-A978-28E46C96404A}.Release|Any CPU.Build.0 = Release|Any CPU
		{86CDBA0D-4135-4001-A978-28E46C96404A}.Release|x64.ActiveCfg = Release|Any CPU
		{86CDBA0D-4135-4001-A978-28E46C96404A}.Release|x64.Build.0 = Release|Any CPU
		{86CDBA0D-4135-4001-A978-28E46C96404A}.Release|x86.ActiveCfg = Release|Any CPU
		{86CDBA0D-4135-4001-A978-28E46C96404A}.Release|x86.Build.0 = Release|Any CPU
		{030A7DC6-37D0-4E46-ABBA-9DCAC8A037BE}.Debug|Any CPU.ActiveCfg = Debug|Any CPU
		{030A7DC6-37D0-4E46-ABBA-9DCAC8A037BE}.Debug|Any CPU.Build.0 = Debug|Any CPU
		{030A7DC6-37D0-4E46-ABBA-9DCAC8A037BE}.Debug|x64.ActiveCfg = Debug|Any CPU
		{030A7DC6-37D0-4E46-ABBA-9DCAC8A037BE}.Debug|x64.Build.0 = Debug|Any CPU
		{030A7DC6-37D0-4E46-ABBA-9DCAC8A037BE}.Debug|x86.ActiveCfg = Debug|Any CPU
		{030A7DC6-37D0-4E46-ABBA-9DCAC8A037BE}.Debug|x86.Build.0 = Debug|Any CPU
		{030A7DC6-37D0-4E46-ABBA-9DCAC8A037BE}.Release|Any CPU.ActiveCfg = Release|Any CPU
		{030A7DC6-37D0-4E46-ABBA-9DCAC8A037BE}.Release|Any CPU.Build.0 = Release|Any CPU
		{030A7DC6-37D0-4E46-ABBA-9DCAC8A037BE}.Release|x64.ActiveCfg = Release|Any CPU
		{030A7DC6-37D0-4E46-ABBA-9DCAC8A037BE}.Release|x64.Build.0 = Release|Any CPU
		{030A7DC6-37D0-4E46-ABBA-9DCAC8A037BE}.Release|x86.ActiveCfg = Release|Any CPU
		{030A7DC6-37D0-4E46-ABBA-9DCAC8A037BE}.Release|x86.Build.0 = Release|Any CPU
		{E0E146A3-2369-4C0C-AFB5-597F1D5C752D}.Debug|Any CPU.ActiveCfg = Debug|Any CPU
		{E0E146A3-2369-4C0C-AFB5-597F1D5C752D}.Debug|Any CPU.Build.0 = Debug|Any CPU
		{E0E146A3-2369-4C0C-AFB5-597F1D5C752D}.Debug|x64.ActiveCfg = Debug|Any CPU
		{E0E146A3-2369-4C0C-AFB5-597F1D5C752D}.Debug|x64.Build.0 = Debug|Any CPU
		{E0E146A3-2369-4C0C-AFB5-597F1D5C752D}.Debug|x86.ActiveCfg = Debug|Any CPU
		{E0E146A3-2369-4C0C-AFB5-597F1D5C752D}.Debug|x86.Build.0 = Debug|Any CPU
		{E0E146A3-2369-4C0C-AFB5-597F1D5C752D}.Release|Any CPU.ActiveCfg = Release|Any CPU
		{E0E146A3-2369-4C0C-AFB5-597F1D5C752D}.Release|Any CPU.Build.0 = Release|Any CPU
		{E0E146A3-2369-4C0C-AFB5-597F1D5C752D}.Release|x64.ActiveCfg = Release|Any CPU
		{E0E146A3-2369-4C0C-AFB5-597F1D5C752D}.Release|x64.Build.0 = Release|Any CPU
		{E0E146A3-2369-4C0C-AFB5-597F1D5C752D}.Release|x86.ActiveCfg = Release|Any CPU
		{E0E146A3-2369-4C0C-AFB5-597F1D5C752D}.Release|x86.Build.0 = Release|Any CPU
	EndGlobalSection
	GlobalSection(NestedProjects) = preSolution
		{566755FA-0E86-4B73-A72C-CE7A7908DA72} = {7CA1E01A-F818-48B9-A573-20A904B9F7C2}
		{0CCA9773-E741-4161-8E53-6692CB97CD69} = {7DDF052D-3D5E-4C6B-9CDE-F4793B315C05}
		{74D89F4B-F894-4591-9BFF-8164BD3D37AD} = {7DDF052D-3D5E-4C6B-9CDE-F4793B315C05}
		{8F56A431-191E-4881-A137-7C5236A7265C} = {7DDF052D-3D5E-4C6B-9CDE-F4793B315C05}
		{AD247D0C-C02A-4F5F-B261-86E06C683E39} = {5C7411C2-8CAD-4F46-9741-14B5BEB222B1}
		{C0586FB0-EEFE-49C5-AB94-D8EC1B5623F9} = {A81A9220-878D-4D52-A278-BB93EF09EA4B}
		{78E2EE48-D658-4129-8CF3-452FC003D618} = {A81A9220-878D-4D52-A278-BB93EF09EA4B}
		{F450E29C-53B7-4CD5-B19E-5A10901CA364} = {56971E79-C47B-463B-B8BC-E8F01D8B49C4}
#		{0B86D7F8-0293-4D65-BDE3-E4E921DFE8BF} = {5C7411C2-8CAD-4F46-9741-14B5BEB222B1}
		{505AA394-0CB4-4F90-B600-FA5D88437D10} = {5C7411C2-8CAD-4F46-9741-14B5BEB222B1}
		{2B6BCDE8-AA6E-4CFE-A504-9D2E26F09163} = {A81A9220-878D-4D52-A278-BB93EF09EA4B}
		{B618D678-EAE4-448C-B126-6E61844DCA95} = {A81A9220-878D-4D52-A278-BB93EF09EA4B}
		{C9B64D74-D4A6-4821-9016-990EFE6D3FA4} = {A81A9220-878D-4D52-A278-BB93EF09EA4B}
		{0708CEB4-B5DE-4205-873B-525D159DD513} = {5C7411C2-8CAD-4F46-9741-14B5BEB222B1}
		#{EE250951-AD1B-456C-8CCC-AF5187E684CC} = {A81A9220-878D-4D52-A278-BB93EF09EA4B}
		#{0EC7A04A-D1AD-4EA0-AF00-EB4884A6B271} = {A81A9220-878D-4D52-A278-BB93EF09EA4B}
		{8E7C4BE3-AD23-4682-93EA-74FA4B98A788} = {A81A9220-878D-4D52-A278-BB93EF09EA4B}
		{86CDBA0D-4135-4001-A978-28E46C96404A} = {A81A9220-878D-4D52-A278-BB93EF09EA4B}
		{030A7DC6-37D0-4E46-ABBA-9DCAC8A037BE} = {5C7411C2-8CAD-4F46-9741-14B5BEB222B1}
		{E0E146A3-2369-4C0C-AFB5-597F1D5C752D} = {A81A9220-878D-4D52-A278-BB93EF09EA4B}
	EndGlobalSection
EndGlobal
